// !$*UTF8*$!
{
	archiveVersion = 1;
	classes = {
	};
	objectVersion = 56;
	objects = {

/* Begin PBXBuildFile section */
		F92874FF29BA720300C2F6AE /* YPHomeView.swift in Sources */ = {isa = PBXBuildFile; fileRef = F92874F229BA720200C2F6AE /* YPHomeView.swift */; };
		F928750129BA720300C2F6AE /* YPHomePresenter.swift in Sources */ = {isa = PBXBuildFile; fileRef = F92874F529BA720200C2F6AE /* YPHomePresenter.swift */; };
		F928750229BA720300C2F6AE /* YPHomeProtocols.swift in Sources */ = {isa = PBXBuildFile; fileRef = F92874F729BA720200C2F6AE /* YPHomeProtocols.swift */; };
		F928750329BA720300C2F6AE /* YPHomeRouter.swift in Sources */ = {isa = PBXBuildFile; fileRef = F92874F929BA720300C2F6AE /* YPHomeRouter.swift */; };
		F928750629BA720300C2F6AE /* YPHomeInteractor.swift in Sources */ = {isa = PBXBuildFile; fileRef = F92874FE29BA720300C2F6AE /* YPHomeInteractor.swift */; };
		F928752129BA730900C2F6AE /* YPDetailInteractor.swift in Sources */ = {isa = PBXBuildFile; fileRef = F928751429BA730800C2F6AE /* YPDetailInteractor.swift */; };
		F928752229BA730900C2F6AE /* YPDetailPresenter.swift in Sources */ = {isa = PBXBuildFile; fileRef = F928751629BA730800C2F6AE /* YPDetailPresenter.swift */; };
		F928752329BA730900C2F6AE /* YPDetailProtocols.swift in Sources */ = {isa = PBXBuildFile; fileRef = F928751829BA730900C2F6AE /* YPDetailProtocols.swift */; };
		F928752429BA730900C2F6AE /* YPDetailRouter.swift in Sources */ = {isa = PBXBuildFile; fileRef = F928751A29BA730900C2F6AE /* YPDetailRouter.swift */; };
		F928752729BA730900C2F6AE /* YPRecipeDetailView.swift in Sources */ = {isa = PBXBuildFile; fileRef = F928751F29BA730900C2F6AE /* YPRecipeDetailView.swift */; };
		F928754329BA732D00C2F6AE /* YPMapView.swift in Sources */ = {isa = PBXBuildFile; fileRef = F928753629BA732D00C2F6AE /* YPMapView.swift */; };
		F928754729BA732D00C2F6AE /* YPMapInteractor.swift in Sources */ = {isa = PBXBuildFile; fileRef = F928753C29BA732D00C2F6AE /* YPMapInteractor.swift */; };
		F928754829BA732D00C2F6AE /* YPMapRouter.swift in Sources */ = {isa = PBXBuildFile; fileRef = F928753E29BA732D00C2F6AE /* YPMapRouter.swift */; };
		F928754929BA732D00C2F6AE /* YPMapPresenter.swift in Sources */ = {isa = PBXBuildFile; fileRef = F928754029BA732D00C2F6AE /* YPMapPresenter.swift */; };
		F928754A29BA732D00C2F6AE /* YPMapProtocols.swift in Sources */ = {isa = PBXBuildFile; fileRef = F928754229BA732D00C2F6AE /* YPMapProtocols.swift */; };
		F928755029BA75CD00C2F6AE /* YPCollectionViewDelegate.swift in Sources */ = {isa = PBXBuildFile; fileRef = F928754F29BA75CD00C2F6AE /* YPCollectionViewDelegate.swift */; };
		F928755229BA75DB00C2F6AE /* YPCollectionViewDataSource.swift in Sources */ = {isa = PBXBuildFile; fileRef = F928755129BA75DB00C2F6AE /* YPCollectionViewDataSource.swift */; };
		F928755429BA764A00C2F6AE /* YPRecipesAvailableCollectionViewCell.swift in Sources */ = {isa = PBXBuildFile; fileRef = F928755329BA764A00C2F6AE /* YPRecipesAvailableCollectionViewCell.swift */; };
		F928755729BA76AC00C2F6AE /* YPFont.swift in Sources */ = {isa = PBXBuildFile; fileRef = F928755629BA76AC00C2F6AE /* YPFont.swift */; };
		F928755D29BA772C00C2F6AE /* YPColor.swift in Sources */ = {isa = PBXBuildFile; fileRef = F928755C29BA772C00C2F6AE /* YPColor.swift */; };
		F928755F29BA773A00C2F6AE /* UIColorExtension.swift in Sources */ = {isa = PBXBuildFile; fileRef = F928755E29BA773A00C2F6AE /* UIColorExtension.swift */; };
		F928756129BA777900C2F6AE /* YPIcon.swift in Sources */ = {isa = PBXBuildFile; fileRef = F928756029BA777900C2F6AE /* YPIcon.swift */; };
		F928756329BA77CC00C2F6AE /* YPCollectionRecipesAvailable.swift in Sources */ = {isa = PBXBuildFile; fileRef = F928756229BA77CC00C2F6AE /* YPCollectionRecipesAvailable.swift */; };
		F928756829BA784E00C2F6AE /* UIDevice+Extension.swift in Sources */ = {isa = PBXBuildFile; fileRef = F928756729BA784E00C2F6AE /* UIDevice+Extension.swift */; };
		F928756A29BA788E00C2F6AE /* UIView+Extension.swift in Sources */ = {isa = PBXBuildFile; fileRef = F928756929BA788E00C2F6AE /* UIView+Extension.swift */; };
		F928756C29BA78B300C2F6AE /* YPTapGestureRecognizer.swift in Sources */ = {isa = PBXBuildFile; fileRef = F928756B29BA78B300C2F6AE /* YPTapGestureRecognizer.swift */; };
		F928756F29BA791800C2F6AE /* YPRoundedImageView.swift in Sources */ = {isa = PBXBuildFile; fileRef = F928756E29BA791800C2F6AE /* YPRoundedImageView.swift */; };
		F928757129BA7B8500C2F6AE /* recipesAvailable.json in Resources */ = {isa = PBXBuildFile; fileRef = F928757029BA7B8500C2F6AE /* recipesAvailable.json */; };
		F928757329BA7C6F00C2F6AE /* Bundle+Extension.swift in Sources */ = {isa = PBXBuildFile; fileRef = F928757229BA7C6F00C2F6AE /* Bundle+Extension.swift */; };
		F928757E29BA83D400C2F6AE /* UIApplication+Extension.swift in Sources */ = {isa = PBXBuildFile; fileRef = F928757D29BA83D400C2F6AE /* UIApplication+Extension.swift */; };
		F928758329BA870300C2F6AE /* ufonts.com_gotham-bold.ttf in Resources */ = {isa = PBXBuildFile; fileRef = F928757F29BA870300C2F6AE /* ufonts.com_gotham-bold.ttf */; };
		F928758429BA870300C2F6AE /* ufonts.com_gotham-light.ttf in Resources */ = {isa = PBXBuildFile; fileRef = F928758029BA870300C2F6AE /* ufonts.com_gotham-light.ttf */; };
		F928758529BA870300C2F6AE /* ufonts.com_gotham-medium.ttf in Resources */ = {isa = PBXBuildFile; fileRef = F928758129BA870300C2F6AE /* ufonts.com_gotham-medium.ttf */; };
		F928758629BA870300C2F6AE /* ufonts.com_gotham-book.ttf in Resources */ = {isa = PBXBuildFile; fileRef = F928758229BA870300C2F6AE /* ufonts.com_gotham-book.ttf */; };
		F928758829BA8BE900C2F6AE /* UISearchBar+Extension.swift in Sources */ = {isa = PBXBuildFile; fileRef = F928758729BA8BE900C2F6AE /* UISearchBar+Extension.swift */; };
		F928758A29BA8D9100C2F6AE /* UIToolbar+Extension.swift in Sources */ = {isa = PBXBuildFile; fileRef = F928758929BA8D9100C2F6AE /* UIToolbar+Extension.swift */; };
		F9553F4F29BCCB6200D49107 /* YPMapPinStoresAnotations.swift in Sources */ = {isa = PBXBuildFile; fileRef = F9553F4E29BCCB6200D49107 /* YPMapPinStoresAnotations.swift */; };
		F9553F5129BCCB7F00D49107 /* YPCustomAnnotationView.swift in Sources */ = {isa = PBXBuildFile; fileRef = F9553F5029BCCB7F00D49107 /* YPCustomAnnotationView.swift */; };
		F99F6DEE29BDC611006487EF /* Localizable.strings in Resources */ = {isa = PBXBuildFile; fileRef = F99F6DF029BDC611006487EF /* Localizable.strings */; };
		F9BAA09F29BA648B00A6A94C /* AppDelegate.swift in Sources */ = {isa = PBXBuildFile; fileRef = F9BAA09E29BA648B00A6A94C /* AppDelegate.swift */; };
		F9BAA0A129BA648B00A6A94C /* SceneDelegate.swift in Sources */ = {isa = PBXBuildFile; fileRef = F9BAA0A029BA648B00A6A94C /* SceneDelegate.swift */; };
		F9BAA0A829BA648C00A6A94C /* Assets.xcassets in Resources */ = {isa = PBXBuildFile; fileRef = F9BAA0A729BA648C00A6A94C /* Assets.xcassets */; };
		F9BAA0AB29BA648C00A6A94C /* LaunchScreen.storyboard in Resources */ = {isa = PBXBuildFile; fileRef = F9BAA0A929BA648C00A6A94C /* LaunchScreen.storyboard */; };
		F9BAA0B629BA648D00A6A94C /* CookingRecipesAppiOSTests.swift in Sources */ = {isa = PBXBuildFile; fileRef = F9BAA0B529BA648D00A6A94C /* CookingRecipesAppiOSTests.swift */; };
		F9BAA0C029BA648D00A6A94C /* CookingRecipesAppiOSUITests.swift in Sources */ = {isa = PBXBuildFile; fileRef = F9BAA0BF29BA648D00A6A94C /* CookingRecipesAppiOSUITests.swift */; };
		F9BAA0C229BA648D00A6A94C /* CookingRecipesAppiOSUITestsLaunchTests.swift in Sources */ = {isa = PBXBuildFile; fileRef = F9BAA0C129BA648D00A6A94C /* CookingRecipesAppiOSUITestsLaunchTests.swift */; };
		F9BCC41829BD9A0E0056064D /* YPMapPlusAndMinusView.swift in Sources */ = {isa = PBXBuildFile; fileRef = F9BCC41729BD9A0E0056064D /* YPMapPlusAndMinusView.swift */; };
		F9BCC41C29BDA57A0056064D /* YPLocation.swift in Sources */ = {isa = PBXBuildFile; fileRef = F9BCC41B29BDA57A0056064D /* YPLocation.swift */; };
		F9D8B29329BBF6880045C77F /* YPTagFlowLayoutVertical.swift in Sources */ = {isa = PBXBuildFile; fileRef = F9D8B29229BBF6880045C77F /* YPTagFlowLayoutVertical.swift */; };
		F9D8B29529BBFB360045C77F /* YPRecommendedRecipesView.swift in Sources */ = {isa = PBXBuildFile; fileRef = F9D8B29429BBFB360045C77F /* YPRecommendedRecipesView.swift */; };
		F9D8B29729BBFB4A0045C77F /* YPRecipeInfoView.swift in Sources */ = {isa = PBXBuildFile; fileRef = F9D8B29629BBFB4A0045C77F /* YPRecipeInfoView.swift */; };
		F9D8B29B29BBFBCE0045C77F /* UIViewController+Extension.swift in Sources */ = {isa = PBXBuildFile; fileRef = F9D8B29A29BBFBCE0045C77F /* UIViewController+Extension.swift */; };
		F9D8B29E29BC02AB0045C77F /* YPUIRecipeCollectionView.swift in Sources */ = {isa = PBXBuildFile; fileRef = F9D8B29D29BC02AB0045C77F /* YPUIRecipeCollectionView.swift */; };
		F9D8B2A029BC05380045C77F /* YPHomeSearchView.swift in Sources */ = {isa = PBXBuildFile; fileRef = F9D8B29F29BC05380045C77F /* YPHomeSearchView.swift */; };
		F9D8B2A229BC05450045C77F /* YPHomeCollectionView.swift in Sources */ = {isa = PBXBuildFile; fileRef = F9D8B2A129BC05450045C77F /* YPHomeCollectionView.swift */; };
		F9D8B2A629BC27DD0045C77F /* YPTagFlowLayoutHorizontal.swift in Sources */ = {isa = PBXBuildFile; fileRef = F9D8B2A529BC27DD0045C77F /* YPTagFlowLayoutHorizontal.swift */; };
		F9D8B2A829BC314D0045C77F /* Localizable.swift in Sources */ = {isa = PBXBuildFile; fileRef = F9D8B2A729BC314D0045C77F /* Localizable.swift */; };
		F9E41AC029BAA17300E9A3DF /* NSMutableAttributedString+Extension.swift in Sources */ = {isa = PBXBuildFile; fileRef = F9E41ABF29BAA17300E9A3DF /* NSMutableAttributedString+Extension.swift */; };
		F9E41AC229BAA29700E9A3DF /* String+Extension.swift in Sources */ = {isa = PBXBuildFile; fileRef = F9E41AC129BAA29700E9A3DF /* String+Extension.swift */; };
/* End PBXBuildFile section */

/* Begin PBXContainerItemProxy section */
		F9BAA0B229BA648D00A6A94C /* PBXContainerItemProxy */ = {
			isa = PBXContainerItemProxy;
			containerPortal = F9BAA09329BA648B00A6A94C /* Project object */;
			proxyType = 1;
			remoteGlobalIDString = F9BAA09A29BA648B00A6A94C;
			remoteInfo = CookingRecipesAppiOS;
		};
		F9BAA0BC29BA648D00A6A94C /* PBXContainerItemProxy */ = {
			isa = PBXContainerItemProxy;
			containerPortal = F9BAA09329BA648B00A6A94C /* Project object */;
			proxyType = 1;
			remoteGlobalIDString = F9BAA09A29BA648B00A6A94C;
			remoteInfo = CookingRecipesAppiOS;
		};
/* End PBXContainerItemProxy section */

/* Begin PBXFileReference section */
		F92874F229BA720200C2F6AE /* YPHomeView.swift */ = {isa = PBXFileReference; fileEncoding = 4; lastKnownFileType = sourcecode.swift; path = YPHomeView.swift; sourceTree = "<group>"; };
		F92874F529BA720200C2F6AE /* YPHomePresenter.swift */ = {isa = PBXFileReference; fileEncoding = 4; lastKnownFileType = sourcecode.swift; path = YPHomePresenter.swift; sourceTree = "<group>"; };
		F92874F729BA720200C2F6AE /* YPHomeProtocols.swift */ = {isa = PBXFileReference; fileEncoding = 4; lastKnownFileType = sourcecode.swift; path = YPHomeProtocols.swift; sourceTree = "<group>"; };
		F92874F929BA720300C2F6AE /* YPHomeRouter.swift */ = {isa = PBXFileReference; fileEncoding = 4; lastKnownFileType = sourcecode.swift; path = YPHomeRouter.swift; sourceTree = "<group>"; };
		F92874FE29BA720300C2F6AE /* YPHomeInteractor.swift */ = {isa = PBXFileReference; fileEncoding = 4; lastKnownFileType = sourcecode.swift; path = YPHomeInteractor.swift; sourceTree = "<group>"; };
		F928751429BA730800C2F6AE /* YPDetailInteractor.swift */ = {isa = PBXFileReference; fileEncoding = 4; lastKnownFileType = sourcecode.swift; path = YPDetailInteractor.swift; sourceTree = "<group>"; };
		F928751629BA730800C2F6AE /* YPDetailPresenter.swift */ = {isa = PBXFileReference; fileEncoding = 4; lastKnownFileType = sourcecode.swift; path = YPDetailPresenter.swift; sourceTree = "<group>"; };
		F928751829BA730900C2F6AE /* YPDetailProtocols.swift */ = {isa = PBXFileReference; fileEncoding = 4; lastKnownFileType = sourcecode.swift; path = YPDetailProtocols.swift; sourceTree = "<group>"; };
		F928751A29BA730900C2F6AE /* YPDetailRouter.swift */ = {isa = PBXFileReference; fileEncoding = 4; lastKnownFileType = sourcecode.swift; path = YPDetailRouter.swift; sourceTree = "<group>"; };
		F928751F29BA730900C2F6AE /* YPRecipeDetailView.swift */ = {isa = PBXFileReference; fileEncoding = 4; lastKnownFileType = sourcecode.swift; path = YPRecipeDetailView.swift; sourceTree = "<group>"; };
		F928753629BA732D00C2F6AE /* YPMapView.swift */ = {isa = PBXFileReference; fileEncoding = 4; lastKnownFileType = sourcecode.swift; path = YPMapView.swift; sourceTree = "<group>"; };
		F928753C29BA732D00C2F6AE /* YPMapInteractor.swift */ = {isa = PBXFileReference; fileEncoding = 4; lastKnownFileType = sourcecode.swift; path = YPMapInteractor.swift; sourceTree = "<group>"; };
		F928753E29BA732D00C2F6AE /* YPMapRouter.swift */ = {isa = PBXFileReference; fileEncoding = 4; lastKnownFileType = sourcecode.swift; path = YPMapRouter.swift; sourceTree = "<group>"; };
		F928754029BA732D00C2F6AE /* YPMapPresenter.swift */ = {isa = PBXFileReference; fileEncoding = 4; lastKnownFileType = sourcecode.swift; path = YPMapPresenter.swift; sourceTree = "<group>"; };
		F928754229BA732D00C2F6AE /* YPMapProtocols.swift */ = {isa = PBXFileReference; fileEncoding = 4; lastKnownFileType = sourcecode.swift; path = YPMapProtocols.swift; sourceTree = "<group>"; };
		F928754F29BA75CD00C2F6AE /* YPCollectionViewDelegate.swift */ = {isa = PBXFileReference; lastKnownFileType = sourcecode.swift; path = YPCollectionViewDelegate.swift; sourceTree = "<group>"; };
		F928755129BA75DB00C2F6AE /* YPCollectionViewDataSource.swift */ = {isa = PBXFileReference; lastKnownFileType = sourcecode.swift; path = YPCollectionViewDataSource.swift; sourceTree = "<group>"; };
		F928755329BA764A00C2F6AE /* YPRecipesAvailableCollectionViewCell.swift */ = {isa = PBXFileReference; lastKnownFileType = sourcecode.swift; path = YPRecipesAvailableCollectionViewCell.swift; sourceTree = "<group>"; };
		F928755629BA76AC00C2F6AE /* YPFont.swift */ = {isa = PBXFileReference; lastKnownFileType = sourcecode.swift; path = YPFont.swift; sourceTree = "<group>"; };
		F928755C29BA772C00C2F6AE /* YPColor.swift */ = {isa = PBXFileReference; lastKnownFileType = sourcecode.swift; path = YPColor.swift; sourceTree = "<group>"; };
		F928755E29BA773A00C2F6AE /* UIColorExtension.swift */ = {isa = PBXFileReference; lastKnownFileType = sourcecode.swift; path = UIColorExtension.swift; sourceTree = "<group>"; };
		F928756029BA777900C2F6AE /* YPIcon.swift */ = {isa = PBXFileReference; lastKnownFileType = sourcecode.swift; path = YPIcon.swift; sourceTree = "<group>"; };
		F928756229BA77CC00C2F6AE /* YPCollectionRecipesAvailable.swift */ = {isa = PBXFileReference; lastKnownFileType = sourcecode.swift; path = YPCollectionRecipesAvailable.swift; sourceTree = "<group>"; };
		F928756729BA784E00C2F6AE /* UIDevice+Extension.swift */ = {isa = PBXFileReference; lastKnownFileType = sourcecode.swift; path = "UIDevice+Extension.swift"; sourceTree = "<group>"; };
		F928756929BA788E00C2F6AE /* UIView+Extension.swift */ = {isa = PBXFileReference; lastKnownFileType = sourcecode.swift; path = "UIView+Extension.swift"; sourceTree = "<group>"; };
		F928756B29BA78B300C2F6AE /* YPTapGestureRecognizer.swift */ = {isa = PBXFileReference; lastKnownFileType = sourcecode.swift; path = YPTapGestureRecognizer.swift; sourceTree = "<group>"; };
		F928756E29BA791800C2F6AE /* YPRoundedImageView.swift */ = {isa = PBXFileReference; lastKnownFileType = sourcecode.swift; path = YPRoundedImageView.swift; sourceTree = "<group>"; };
		F928757029BA7B8500C2F6AE /* recipesAvailable.json */ = {isa = PBXFileReference; fileEncoding = 4; lastKnownFileType = text.json; path = recipesAvailable.json; sourceTree = "<group>"; };
		F928757229BA7C6F00C2F6AE /* Bundle+Extension.swift */ = {isa = PBXFileReference; lastKnownFileType = sourcecode.swift; path = "Bundle+Extension.swift"; sourceTree = "<group>"; };
		F928757D29BA83D400C2F6AE /* UIApplication+Extension.swift */ = {isa = PBXFileReference; lastKnownFileType = sourcecode.swift; path = "UIApplication+Extension.swift"; sourceTree = "<group>"; };
		F928757F29BA870300C2F6AE /* ufonts.com_gotham-bold.ttf */ = {isa = PBXFileReference; lastKnownFileType = file; path = "ufonts.com_gotham-bold.ttf"; sourceTree = "<group>"; };
		F928758029BA870300C2F6AE /* ufonts.com_gotham-light.ttf */ = {isa = PBXFileReference; lastKnownFileType = file; path = "ufonts.com_gotham-light.ttf"; sourceTree = "<group>"; };
		F928758129BA870300C2F6AE /* ufonts.com_gotham-medium.ttf */ = {isa = PBXFileReference; lastKnownFileType = file; path = "ufonts.com_gotham-medium.ttf"; sourceTree = "<group>"; };
		F928758229BA870300C2F6AE /* ufonts.com_gotham-book.ttf */ = {isa = PBXFileReference; lastKnownFileType = file; path = "ufonts.com_gotham-book.ttf"; sourceTree = "<group>"; };
		F928758729BA8BE900C2F6AE /* UISearchBar+Extension.swift */ = {isa = PBXFileReference; lastKnownFileType = sourcecode.swift; path = "UISearchBar+Extension.swift"; sourceTree = "<group>"; };
		F928758929BA8D9100C2F6AE /* UIToolbar+Extension.swift */ = {isa = PBXFileReference; lastKnownFileType = sourcecode.swift; path = "UIToolbar+Extension.swift"; sourceTree = "<group>"; };
		F9553F4E29BCCB6200D49107 /* YPMapPinStoresAnotations.swift */ = {isa = PBXFileReference; lastKnownFileType = sourcecode.swift; path = YPMapPinStoresAnotations.swift; sourceTree = "<group>"; };
		F9553F5029BCCB7F00D49107 /* YPCustomAnnotationView.swift */ = {isa = PBXFileReference; lastKnownFileType = sourcecode.swift; path = YPCustomAnnotationView.swift; sourceTree = "<group>"; };
		F99F6DEF29BDC611006487EF /* en */ = {isa = PBXFileReference; lastKnownFileType = text.plist.strings; name = en; path = en.lproj/Localizable.strings; sourceTree = "<group>"; };
		F99F6DF129BDC658006487EF /* es */ = {isa = PBXFileReference; lastKnownFileType = text.plist.strings; name = es; path = es.lproj/Localizable.strings; sourceTree = "<group>"; };
		F9BAA09B29BA648B00A6A94C /* CookingRecipesAppiOS.app */ = {isa = PBXFileReference; explicitFileType = wrapper.application; includeInIndex = 0; path = CookingRecipesAppiOS.app; sourceTree = BUILT_PRODUCTS_DIR; };
		F9BAA09E29BA648B00A6A94C /* AppDelegate.swift */ = {isa = PBXFileReference; lastKnownFileType = sourcecode.swift; path = AppDelegate.swift; sourceTree = "<group>"; };
		F9BAA0A029BA648B00A6A94C /* SceneDelegate.swift */ = {isa = PBXFileReference; lastKnownFileType = sourcecode.swift; path = SceneDelegate.swift; sourceTree = "<group>"; };
		F9BAA0A729BA648C00A6A94C /* Assets.xcassets */ = {isa = PBXFileReference; lastKnownFileType = folder.assetcatalog; path = Assets.xcassets; sourceTree = "<group>"; };
		F9BAA0AA29BA648C00A6A94C /* Base */ = {isa = PBXFileReference; lastKnownFileType = file.storyboard; name = Base; path = Base.lproj/LaunchScreen.storyboard; sourceTree = "<group>"; };
		F9BAA0AC29BA648C00A6A94C /* Info.plist */ = {isa = PBXFileReference; lastKnownFileType = text.plist.xml; path = Info.plist; sourceTree = "<group>"; };
		F9BAA0B129BA648D00A6A94C /* CookingRecipesAppiOSTests.xctest */ = {isa = PBXFileReference; explicitFileType = wrapper.cfbundle; includeInIndex = 0; path = CookingRecipesAppiOSTests.xctest; sourceTree = BUILT_PRODUCTS_DIR; };
		F9BAA0B529BA648D00A6A94C /* CookingRecipesAppiOSTests.swift */ = {isa = PBXFileReference; lastKnownFileType = sourcecode.swift; path = CookingRecipesAppiOSTests.swift; sourceTree = "<group>"; };
		F9BAA0BB29BA648D00A6A94C /* CookingRecipesAppiOSUITests.xctest */ = {isa = PBXFileReference; explicitFileType = wrapper.cfbundle; includeInIndex = 0; path = CookingRecipesAppiOSUITests.xctest; sourceTree = BUILT_PRODUCTS_DIR; };
		F9BAA0BF29BA648D00A6A94C /* CookingRecipesAppiOSUITests.swift */ = {isa = PBXFileReference; lastKnownFileType = sourcecode.swift; path = CookingRecipesAppiOSUITests.swift; sourceTree = "<group>"; };
		F9BAA0C129BA648D00A6A94C /* CookingRecipesAppiOSUITestsLaunchTests.swift */ = {isa = PBXFileReference; lastKnownFileType = sourcecode.swift; path = CookingRecipesAppiOSUITestsLaunchTests.swift; sourceTree = "<group>"; };
		F9BCC41729BD9A0E0056064D /* YPMapPlusAndMinusView.swift */ = {isa = PBXFileReference; lastKnownFileType = sourcecode.swift; path = YPMapPlusAndMinusView.swift; sourceTree = "<group>"; };
		F9BCC41B29BDA57A0056064D /* YPLocation.swift */ = {isa = PBXFileReference; lastKnownFileType = sourcecode.swift; path = YPLocation.swift; sourceTree = "<group>"; };
		F9D8B29229BBF6880045C77F /* YPTagFlowLayoutVertical.swift */ = {isa = PBXFileReference; lastKnownFileType = sourcecode.swift; path = YPTagFlowLayoutVertical.swift; sourceTree = "<group>"; };
		F9D8B29429BBFB360045C77F /* YPRecommendedRecipesView.swift */ = {isa = PBXFileReference; lastKnownFileType = sourcecode.swift; path = YPRecommendedRecipesView.swift; sourceTree = "<group>"; };
		F9D8B29629BBFB4A0045C77F /* YPRecipeInfoView.swift */ = {isa = PBXFileReference; lastKnownFileType = sourcecode.swift; path = YPRecipeInfoView.swift; sourceTree = "<group>"; };
		F9D8B29A29BBFBCE0045C77F /* UIViewController+Extension.swift */ = {isa = PBXFileReference; lastKnownFileType = sourcecode.swift; path = "UIViewController+Extension.swift"; sourceTree = "<group>"; };
		F9D8B29D29BC02AB0045C77F /* YPUIRecipeCollectionView.swift */ = {isa = PBXFileReference; lastKnownFileType = sourcecode.swift; path = YPUIRecipeCollectionView.swift; sourceTree = "<group>"; };
		F9D8B29F29BC05380045C77F /* YPHomeSearchView.swift */ = {isa = PBXFileReference; lastKnownFileType = sourcecode.swift; path = YPHomeSearchView.swift; sourceTree = "<group>"; };
		F9D8B2A129BC05450045C77F /* YPHomeCollectionView.swift */ = {isa = PBXFileReference; lastKnownFileType = sourcecode.swift; path = YPHomeCollectionView.swift; sourceTree = "<group>"; };
		F9D8B2A529BC27DD0045C77F /* YPTagFlowLayoutHorizontal.swift */ = {isa = PBXFileReference; lastKnownFileType = sourcecode.swift; path = YPTagFlowLayoutHorizontal.swift; sourceTree = "<group>"; };
		F9D8B2A729BC314D0045C77F /* Localizable.swift */ = {isa = PBXFileReference; lastKnownFileType = sourcecode.swift; path = Localizable.swift; sourceTree = "<group>"; };
		F9E41ABF29BAA17300E9A3DF /* NSMutableAttributedString+Extension.swift */ = {isa = PBXFileReference; lastKnownFileType = sourcecode.swift; path = "NSMutableAttributedString+Extension.swift"; sourceTree = "<group>"; };
		F9E41AC129BAA29700E9A3DF /* String+Extension.swift */ = {isa = PBXFileReference; lastKnownFileType = sourcecode.swift; path = "String+Extension.swift"; sourceTree = "<group>"; };
/* End PBXFileReference section */

/* Begin PBXFrameworksBuildPhase section */
		F9BAA09829BA648B00A6A94C /* Frameworks */ = {
			isa = PBXFrameworksBuildPhase;
			buildActionMask = 2147483647;
			files = (
			);
			runOnlyForDeploymentPostprocessing = 0;
		};
		F9BAA0AE29BA648D00A6A94C /* Frameworks */ = {
			isa = PBXFrameworksBuildPhase;
			buildActionMask = 2147483647;
			files = (
			);
			runOnlyForDeploymentPostprocessing = 0;
		};
		F9BAA0B829BA648D00A6A94C /* Frameworks */ = {
			isa = PBXFrameworksBuildPhase;
			buildActionMask = 2147483647;
			files = (
			);
			runOnlyForDeploymentPostprocessing = 0;
		};
/* End PBXFrameworksBuildPhase section */

/* Begin PBXGroup section */
		F92874DE29BA6F6000C2F6AE /* Screens */ = {
			isa = PBXGroup;
			children = (
				F92874E229BA6F9E00C2F6AE /* Home */,
				F92874E329BA6FA300C2F6AE /* Detail */,
				F92874E429BA6FAC00C2F6AE /* Map */,
			);
			path = Screens;
			sourceTree = "<group>";
		};
		F92874DF29BA6F6B00C2F6AE /* Utility */ = {
			isa = PBXGroup;
			children = (
				F928756629BA783D00C2F6AE /* Extensions */,
				F928754C29BA759000C2F6AE /* Generics */,
				F928756B29BA78B300C2F6AE /* YPTapGestureRecognizer.swift */,
			);
			path = Utility;
			sourceTree = "<group>";
		};
		F92874E029BA6F7500C2F6AE /* Resources */ = {
			isa = PBXGroup;
			children = (
				F928757429BA82DE00C2F6AE /* Fonts */,
				F9BAA09E29BA648B00A6A94C /* AppDelegate.swift */,
				F9BAA0A029BA648B00A6A94C /* SceneDelegate.swift */,
				F9BAA0A729BA648C00A6A94C /* Assets.xcassets */,
				F9BAA0A929BA648C00A6A94C /* LaunchScreen.storyboard */,
				F9BAA0AC29BA648C00A6A94C /* Info.plist */,
			);
			path = Resources;
			sourceTree = "<group>";
		};
		F92874E129BA6F7F00C2F6AE /* Supporting Files */ = {
			isa = PBXGroup;
			children = (
				F928757029BA7B8500C2F6AE /* recipesAvailable.json */,
				F9D8B2A729BC314D0045C77F /* Localizable.swift */,
				F99F6DF029BDC611006487EF /* Localizable.strings */,
			);
			path = "Supporting Files";
			sourceTree = "<group>";
		};
		F92874E229BA6F9E00C2F6AE /* Home */ = {
			isa = PBXGroup;
			children = (
				F92874FA29BA720300C2F6AE /* Entity */,
				F92874FD29BA720300C2F6AE /* Interactor */,
				F92874F429BA720200C2F6AE /* Presenter */,
				F92874F629BA720200C2F6AE /* Protocols */,
				F92874F829BA720300C2F6AE /* Router */,
				F92874F129BA720200C2F6AE /* View */,
			);
			path = Home;
			sourceTree = "<group>";
		};
		F92874E329BA6FA300C2F6AE /* Detail */ = {
			isa = PBXGroup;
			children = (
				F928751329BA730800C2F6AE /* Interactor */,
				F928751529BA730800C2F6AE /* Presenter */,
				F928751729BA730900C2F6AE /* Protocols */,
				F928751929BA730900C2F6AE /* Router */,
				F928751E29BA730900C2F6AE /* View */,
			);
			path = Detail;
			sourceTree = "<group>";
		};
		F92874E429BA6FAC00C2F6AE /* Map */ = {
			isa = PBXGroup;
			children = (
				F928753829BA732D00C2F6AE /* Entity */,
				F928753B29BA732D00C2F6AE /* Interactor */,
				F928753F29BA732D00C2F6AE /* Presenter */,
				F928754129BA732D00C2F6AE /* Protocols */,
				F928753D29BA732D00C2F6AE /* Router */,
				F928753529BA732D00C2F6AE /* View */,
			);
			path = Map;
			sourceTree = "<group>";
		};
		F92874F129BA720200C2F6AE /* View */ = {
			isa = PBXGroup;
			children = (
				F928754B29BA74EC00C2F6AE /* CollectionViewCell */,
				F92874F229BA720200C2F6AE /* YPHomeView.swift */,
				F9D8B2A129BC05450045C77F /* YPHomeCollectionView.swift */,
				F9D8B29F29BC05380045C77F /* YPHomeSearchView.swift */,
			);
			path = View;
			sourceTree = "<group>";
		};
		F92874F429BA720200C2F6AE /* Presenter */ = {
			isa = PBXGroup;
			children = (
				F92874F529BA720200C2F6AE /* YPHomePresenter.swift */,
			);
			path = Presenter;
			sourceTree = "<group>";
		};
		F92874F629BA720200C2F6AE /* Protocols */ = {
			isa = PBXGroup;
			children = (
				F92874F729BA720200C2F6AE /* YPHomeProtocols.swift */,
			);
			path = Protocols;
			sourceTree = "<group>";
		};
		F92874F829BA720300C2F6AE /* Router */ = {
			isa = PBXGroup;
			children = (
				F92874F929BA720300C2F6AE /* YPHomeRouter.swift */,
			);
			path = Router;
			sourceTree = "<group>";
		};
		F92874FA29BA720300C2F6AE /* Entity */ = {
			isa = PBXGroup;
			children = (
				F928756229BA77CC00C2F6AE /* YPCollectionRecipesAvailable.swift */,
			);
			path = Entity;
			sourceTree = "<group>";
		};
		F92874FD29BA720300C2F6AE /* Interactor */ = {
			isa = PBXGroup;
			children = (
				F92874FE29BA720300C2F6AE /* YPHomeInteractor.swift */,
			);
			path = Interactor;
			sourceTree = "<group>";
		};
		F928751329BA730800C2F6AE /* Interactor */ = {
			isa = PBXGroup;
			children = (
				F928751429BA730800C2F6AE /* YPDetailInteractor.swift */,
			);
			path = Interactor;
			sourceTree = "<group>";
		};
		F928751529BA730800C2F6AE /* Presenter */ = {
			isa = PBXGroup;
			children = (
				F928751629BA730800C2F6AE /* YPDetailPresenter.swift */,
			);
			path = Presenter;
			sourceTree = "<group>";
		};
		F928751729BA730900C2F6AE /* Protocols */ = {
			isa = PBXGroup;
			children = (
				F928751829BA730900C2F6AE /* YPDetailProtocols.swift */,
			);
			path = Protocols;
			sourceTree = "<group>";
		};
		F928751929BA730900C2F6AE /* Router */ = {
			isa = PBXGroup;
			children = (
				F928751A29BA730900C2F6AE /* YPDetailRouter.swift */,
			);
			path = Router;
			sourceTree = "<group>";
		};
		F928751E29BA730900C2F6AE /* View */ = {
			isa = PBXGroup;
			children = (
				F928751F29BA730900C2F6AE /* YPRecipeDetailView.swift */,
				F9D8B29429BBFB360045C77F /* YPRecommendedRecipesView.swift */,
				F9D8B29629BBFB4A0045C77F /* YPRecipeInfoView.swift */,
			);
			path = View;
			sourceTree = "<group>";
		};
		F928753529BA732D00C2F6AE /* View */ = {
			isa = PBXGroup;
			children = (
				F928753629BA732D00C2F6AE /* YPMapView.swift */,
				F9BCC41729BD9A0E0056064D /* YPMapPlusAndMinusView.swift */,
				F9BCC41B29BDA57A0056064D /* YPLocation.swift */,
			);
			path = View;
			sourceTree = "<group>";
		};
		F928753829BA732D00C2F6AE /* Entity */ = {
			isa = PBXGroup;
			children = (
				F9553F4E29BCCB6200D49107 /* YPMapPinStoresAnotations.swift */,
				F9553F5029BCCB7F00D49107 /* YPCustomAnnotationView.swift */,
			);
			path = Entity;
			sourceTree = "<group>";
		};
		F928753B29BA732D00C2F6AE /* Interactor */ = {
			isa = PBXGroup;
			children = (
				F928753C29BA732D00C2F6AE /* YPMapInteractor.swift */,
			);
			path = Interactor;
			sourceTree = "<group>";
		};
		F928753D29BA732D00C2F6AE /* Router */ = {
			isa = PBXGroup;
			children = (
				F928753E29BA732D00C2F6AE /* YPMapRouter.swift */,
			);
			path = Router;
			sourceTree = "<group>";
		};
		F928753F29BA732D00C2F6AE /* Presenter */ = {
			isa = PBXGroup;
			children = (
				F928754029BA732D00C2F6AE /* YPMapPresenter.swift */,
			);
			path = Presenter;
			sourceTree = "<group>";
		};
		F928754129BA732D00C2F6AE /* Protocols */ = {
			isa = PBXGroup;
			children = (
				F928754229BA732D00C2F6AE /* YPMapProtocols.swift */,
			);
			path = Protocols;
			sourceTree = "<group>";
		};
		F928754B29BA74EC00C2F6AE /* CollectionViewCell */ = {
			isa = PBXGroup;
			children = (
				F928755329BA764A00C2F6AE /* YPRecipesAvailableCollectionViewCell.swift */,
			);
			path = CollectionViewCell;
			sourceTree = "<group>";
		};
		F928754C29BA759000C2F6AE /* Generics */ = {
			isa = PBXGroup;
			children = (
				F928754D29BA759F00C2F6AE /* CollectionDelegate */,
				F928754E29BA75AC00C2F6AE /* CollectionDataSource */,
				F9D8B29C29BC028E0045C77F /* UIRecipeCollectionView */,
				F9D8B29129BBF6550045C77F /* UICollectionViewFlowLayout */,
				F928756D29BA790A00C2F6AE /* RoundedImageView */,
				F928755B29BA76EF00C2F6AE /* Color */,
				F928755A29BA76E300C2F6AE /* Icon */,
				F928755529BA769C00C2F6AE /* Font */,
			);
			path = Generics;
			sourceTree = "<group>";
		};
		F928754D29BA759F00C2F6AE /* CollectionDelegate */ = {
			isa = PBXGroup;
			children = (
				F928754F29BA75CD00C2F6AE /* YPCollectionViewDelegate.swift */,
			);
			path = CollectionDelegate;
			sourceTree = "<group>";
		};
		F928754E29BA75AC00C2F6AE /* CollectionDataSource */ = {
			isa = PBXGroup;
			children = (
				F928755129BA75DB00C2F6AE /* YPCollectionViewDataSource.swift */,
			);
			path = CollectionDataSource;
			sourceTree = "<group>";
		};
		F928755529BA769C00C2F6AE /* Font */ = {
			isa = PBXGroup;
			children = (
				F928755629BA76AC00C2F6AE /* YPFont.swift */,
			);
			path = Font;
			sourceTree = "<group>";
		};
		F928755A29BA76E300C2F6AE /* Icon */ = {
			isa = PBXGroup;
			children = (
				F928756029BA777900C2F6AE /* YPIcon.swift */,
			);
			path = Icon;
			sourceTree = "<group>";
		};
		F928755B29BA76EF00C2F6AE /* Color */ = {
			isa = PBXGroup;
			children = (
				F928755C29BA772C00C2F6AE /* YPColor.swift */,
				F928755E29BA773A00C2F6AE /* UIColorExtension.swift */,
			);
			path = Color;
			sourceTree = "<group>";
		};
		F928756629BA783D00C2F6AE /* Extensions */ = {
			isa = PBXGroup;
			children = (
				F928756729BA784E00C2F6AE /* UIDevice+Extension.swift */,
				F928756929BA788E00C2F6AE /* UIView+Extension.swift */,
				F928757229BA7C6F00C2F6AE /* Bundle+Extension.swift */,
				F928757D29BA83D400C2F6AE /* UIApplication+Extension.swift */,
				F928758729BA8BE900C2F6AE /* UISearchBar+Extension.swift */,
				F928758929BA8D9100C2F6AE /* UIToolbar+Extension.swift */,
				F9E41ABF29BAA17300E9A3DF /* NSMutableAttributedString+Extension.swift */,
				F9E41AC129BAA29700E9A3DF /* String+Extension.swift */,
				F9D8B29A29BBFBCE0045C77F /* UIViewController+Extension.swift */,
			);
			path = Extensions;
			sourceTree = "<group>";
		};
		F928756D29BA790A00C2F6AE /* RoundedImageView */ = {
			isa = PBXGroup;
			children = (
				F928756E29BA791800C2F6AE /* YPRoundedImageView.swift */,
			);
			path = RoundedImageView;
			sourceTree = "<group>";
		};
		F928757429BA82DE00C2F6AE /* Fonts */ = {
			isa = PBXGroup;
			children = (
				F928757F29BA870300C2F6AE /* ufonts.com_gotham-bold.ttf */,
				F928758229BA870300C2F6AE /* ufonts.com_gotham-book.ttf */,
				F928758029BA870300C2F6AE /* ufonts.com_gotham-light.ttf */,
				F928758129BA870300C2F6AE /* ufonts.com_gotham-medium.ttf */,
			);
			path = Fonts;
			sourceTree = "<group>";
		};
		F9BAA09229BA648B00A6A94C = {
			isa = PBXGroup;
			children = (
				F9BAA09D29BA648B00A6A94C /* CookingRecipesAppiOS */,
				F9BAA0B429BA648D00A6A94C /* CookingRecipesAppiOSTests */,
				F9BAA0BE29BA648D00A6A94C /* CookingRecipesAppiOSUITests */,
				F9BAA09C29BA648B00A6A94C /* Products */,
			);
			sourceTree = "<group>";
		};
		F9BAA09C29BA648B00A6A94C /* Products */ = {
			isa = PBXGroup;
			children = (
				F9BAA09B29BA648B00A6A94C /* CookingRecipesAppiOS.app */,
				F9BAA0B129BA648D00A6A94C /* CookingRecipesAppiOSTests.xctest */,
				F9BAA0BB29BA648D00A6A94C /* CookingRecipesAppiOSUITests.xctest */,
			);
			name = Products;
			sourceTree = "<group>";
		};
		F9BAA09D29BA648B00A6A94C /* CookingRecipesAppiOS */ = {
			isa = PBXGroup;
			children = (
				F92874E129BA6F7F00C2F6AE /* Supporting Files */,
				F92874E029BA6F7500C2F6AE /* Resources */,
				F92874DF29BA6F6B00C2F6AE /* Utility */,
				F92874DE29BA6F6000C2F6AE /* Screens */,
			);
			path = CookingRecipesAppiOS;
			sourceTree = "<group>";
		};
		F9BAA0B429BA648D00A6A94C /* CookingRecipesAppiOSTests */ = {
			isa = PBXGroup;
			children = (
				F9BAA0B529BA648D00A6A94C /* CookingRecipesAppiOSTests.swift */,
			);
			path = CookingRecipesAppiOSTests;
			sourceTree = "<group>";
		};
		F9BAA0BE29BA648D00A6A94C /* CookingRecipesAppiOSUITests */ = {
			isa = PBXGroup;
			children = (
				F9BAA0BF29BA648D00A6A94C /* CookingRecipesAppiOSUITests.swift */,
				F9BAA0C129BA648D00A6A94C /* CookingRecipesAppiOSUITestsLaunchTests.swift */,
			);
			path = CookingRecipesAppiOSUITests;
			sourceTree = "<group>";
		};
		F9D8B29129BBF6550045C77F /* UICollectionViewFlowLayout */ = {
			isa = PBXGroup;
			children = (
				F9D8B29229BBF6880045C77F /* YPTagFlowLayoutVertical.swift */,
				F9D8B2A529BC27DD0045C77F /* YPTagFlowLayoutHorizontal.swift */,
			);
			path = UICollectionViewFlowLayout;
			sourceTree = "<group>";
		};
		F9D8B29C29BC028E0045C77F /* UIRecipeCollectionView */ = {
			isa = PBXGroup;
			children = (
				F9D8B29D29BC02AB0045C77F /* YPUIRecipeCollectionView.swift */,
			);
			path = UIRecipeCollectionView;
			sourceTree = "<group>";
		};
/* End PBXGroup section */

/* Begin PBXNativeTarget section */
		F9BAA09A29BA648B00A6A94C /* CookingRecipesAppiOS */ = {
			isa = PBXNativeTarget;
			buildConfigurationList = F9BAA0C529BA648D00A6A94C /* Build configuration list for PBXNativeTarget "CookingRecipesAppiOS" */;
			buildPhases = (
				F9BAA09729BA648B00A6A94C /* Sources */,
				F9BAA09829BA648B00A6A94C /* Frameworks */,
				F9BAA09929BA648B00A6A94C /* Resources */,
				F9BAA0CF29BA654100A6A94C /* Run Script SwiftLint */,
			);
			buildRules = (
			);
			dependencies = (
			);
			name = CookingRecipesAppiOS;
			packageProductDependencies = (
			);
			productName = CookingRecipesAppiOS;
			productReference = F9BAA09B29BA648B00A6A94C /* CookingRecipesAppiOS.app */;
			productType = "com.apple.product-type.application";
		};
		F9BAA0B029BA648D00A6A94C /* CookingRecipesAppiOSTests */ = {
			isa = PBXNativeTarget;
			buildConfigurationList = F9BAA0C829BA648D00A6A94C /* Build configuration list for PBXNativeTarget "CookingRecipesAppiOSTests" */;
			buildPhases = (
				F9BAA0AD29BA648D00A6A94C /* Sources */,
				F9BAA0AE29BA648D00A6A94C /* Frameworks */,
				F9BAA0AF29BA648D00A6A94C /* Resources */,
			);
			buildRules = (
			);
			dependencies = (
				F9BAA0B329BA648D00A6A94C /* PBXTargetDependency */,
			);
			name = CookingRecipesAppiOSTests;
			productName = CookingRecipesAppiOSTests;
			productReference = F9BAA0B129BA648D00A6A94C /* CookingRecipesAppiOSTests.xctest */;
			productType = "com.apple.product-type.bundle.unit-test";
		};
		F9BAA0BA29BA648D00A6A94C /* CookingRecipesAppiOSUITests */ = {
			isa = PBXNativeTarget;
			buildConfigurationList = F9BAA0CB29BA648D00A6A94C /* Build configuration list for PBXNativeTarget "CookingRecipesAppiOSUITests" */;
			buildPhases = (
				F9BAA0B729BA648D00A6A94C /* Sources */,
				F9BAA0B829BA648D00A6A94C /* Frameworks */,
				F9BAA0B929BA648D00A6A94C /* Resources */,
			);
			buildRules = (
			);
			dependencies = (
				F9BAA0BD29BA648D00A6A94C /* PBXTargetDependency */,
			);
			name = CookingRecipesAppiOSUITests;
			productName = CookingRecipesAppiOSUITests;
			productReference = F9BAA0BB29BA648D00A6A94C /* CookingRecipesAppiOSUITests.xctest */;
			productType = "com.apple.product-type.bundle.ui-testing";
		};
/* End PBXNativeTarget section */

/* Begin PBXProject section */
		F9BAA09329BA648B00A6A94C /* Project object */ = {
			isa = PBXProject;
			attributes = {
				BuildIndependentTargetsInParallel = 1;
				LastSwiftUpdateCheck = 1420;
				LastUpgradeCheck = 1420;
				TargetAttributes = {
					F9BAA09A29BA648B00A6A94C = {
						CreatedOnToolsVersion = 14.2;
					};
					F9BAA0B029BA648D00A6A94C = {
						CreatedOnToolsVersion = 14.2;
						TestTargetID = F9BAA09A29BA648B00A6A94C;
					};
					F9BAA0BA29BA648D00A6A94C = {
						CreatedOnToolsVersion = 14.2;
						TestTargetID = F9BAA09A29BA648B00A6A94C;
					};
				};
			};
			buildConfigurationList = F9BAA09629BA648B00A6A94C /* Build configuration list for PBXProject "CookingRecipesAppiOS" */;
			compatibilityVersion = "Xcode 14.0";
			developmentRegion = en;
			hasScannedForEncodings = 0;
			knownRegions = (
				en,
				Base,
				es,
			);
			mainGroup = F9BAA09229BA648B00A6A94C;
			packageReferences = (
			);
			productRefGroup = F9BAA09C29BA648B00A6A94C /* Products */;
			projectDirPath = "";
			projectRoot = "";
			targets = (
				F9BAA09A29BA648B00A6A94C /* CookingRecipesAppiOS */,
				F9BAA0B029BA648D00A6A94C /* CookingRecipesAppiOSTests */,
				F9BAA0BA29BA648D00A6A94C /* CookingRecipesAppiOSUITests */,
			);
		};
/* End PBXProject section */

/* Begin PBXResourcesBuildPhase section */
		F9BAA09929BA648B00A6A94C /* Resources */ = {
			isa = PBXResourcesBuildPhase;
			buildActionMask = 2147483647;
			files = (
				F9BAA0AB29BA648C00A6A94C /* LaunchScreen.storyboard in Resources */,
				F9BAA0A829BA648C00A6A94C /* Assets.xcassets in Resources */,
				F928757129BA7B8500C2F6AE /* recipesAvailable.json in Resources */,
				F928758629BA870300C2F6AE /* ufonts.com_gotham-book.ttf in Resources */,
				F99F6DEE29BDC611006487EF /* Localizable.strings in Resources */,
				F928758329BA870300C2F6AE /* ufonts.com_gotham-bold.ttf in Resources */,
				F928758529BA870300C2F6AE /* ufonts.com_gotham-medium.ttf in Resources */,
				F928758429BA870300C2F6AE /* ufonts.com_gotham-light.ttf in Resources */,
			);
			runOnlyForDeploymentPostprocessing = 0;
		};
		F9BAA0AF29BA648D00A6A94C /* Resources */ = {
			isa = PBXResourcesBuildPhase;
			buildActionMask = 2147483647;
			files = (
			);
			runOnlyForDeploymentPostprocessing = 0;
		};
		F9BAA0B929BA648D00A6A94C /* Resources */ = {
			isa = PBXResourcesBuildPhase;
			buildActionMask = 2147483647;
			files = (
			);
			runOnlyForDeploymentPostprocessing = 0;
		};
/* End PBXResourcesBuildPhase section */

/* Begin PBXShellScriptBuildPhase section */
		F9BAA0CF29BA654100A6A94C /* Run Script SwiftLint */ = {
			isa = PBXShellScriptBuildPhase;
			buildActionMask = 2147483647;
			files = (
			);
			inputFileListPaths = (
			);
			inputPaths = (
			);
			name = "Run Script SwiftLint";
			outputFileListPaths = (
			);
			outputPaths = (
			);
			runOnlyForDeploymentPostprocessing = 0;
			shellPath = /bin/sh;
			shellScript = "# Type a script or drag a script file from your workspace to insert its path.\nexport PATH=\"$PATH:/opt/homebrew/bin\"\n\nif which swiftlint > /dev/null; then\n  swiftlint\nelse\n  echo \"warning: SwiftLint not installed, download from https://github.com/realm/SwiftLint\"\nfi\n";
		};
/* End PBXShellScriptBuildPhase section */

/* Begin PBXSourcesBuildPhase section */
		F9BAA09729BA648B00A6A94C /* Sources */ = {
			isa = PBXSourcesBuildPhase;
			buildActionMask = 2147483647;
			files = (
				F9D8B29B29BBFBCE0045C77F /* UIViewController+Extension.swift in Sources */,
				F928752129BA730900C2F6AE /* YPDetailInteractor.swift in Sources */,
				F928754929BA732D00C2F6AE /* YPMapPresenter.swift in Sources */,
				F928754729BA732D00C2F6AE /* YPMapInteractor.swift in Sources */,
				F9D8B29E29BC02AB0045C77F /* YPUIRecipeCollectionView.swift in Sources */,
				F92874FF29BA720300C2F6AE /* YPHomeView.swift in Sources */,
				F928758A29BA8D9100C2F6AE /* UIToolbar+Extension.swift in Sources */,
				F928757329BA7C6F00C2F6AE /* Bundle+Extension.swift in Sources */,
				F928756F29BA791800C2F6AE /* YPRoundedImageView.swift in Sources */,
				F928752429BA730900C2F6AE /* YPDetailRouter.swift in Sources */,
				F928755D29BA772C00C2F6AE /* YPColor.swift in Sources */,
				F9553F5129BCCB7F00D49107 /* YPCustomAnnotationView.swift in Sources */,
				F9553F4F29BCCB6200D49107 /* YPMapPinStoresAnotations.swift in Sources */,
				F9D8B2A029BC05380045C77F /* YPHomeSearchView.swift in Sources */,
				F928756C29BA78B300C2F6AE /* YPTapGestureRecognizer.swift in Sources */,
				F9D8B29529BBFB360045C77F /* YPRecommendedRecipesView.swift in Sources */,
				F9D8B2A629BC27DD0045C77F /* YPTagFlowLayoutHorizontal.swift in Sources */,
				F928752329BA730900C2F6AE /* YPDetailProtocols.swift in Sources */,
				F928756329BA77CC00C2F6AE /* YPCollectionRecipesAvailable.swift in Sources */,
				F928752229BA730900C2F6AE /* YPDetailPresenter.swift in Sources */,
				F9D8B2A829BC314D0045C77F /* Localizable.swift in Sources */,
				F928754829BA732D00C2F6AE /* YPMapRouter.swift in Sources */,
				F928750329BA720300C2F6AE /* YPHomeRouter.swift in Sources */,
				F928754A29BA732D00C2F6AE /* YPMapProtocols.swift in Sources */,
				F9D8B29729BBFB4A0045C77F /* YPRecipeInfoView.swift in Sources */,
				F928754329BA732D00C2F6AE /* YPMapView.swift in Sources */,
				F928755429BA764A00C2F6AE /* YPRecipesAvailableCollectionViewCell.swift in Sources */,
				F9D8B2A229BC05450045C77F /* YPHomeCollectionView.swift in Sources */,
				F9BCC41C29BDA57A0056064D /* YPLocation.swift in Sources */,
				F928756129BA777900C2F6AE /* YPIcon.swift in Sources */,
				F928752729BA730900C2F6AE /* YPRecipeDetailView.swift in Sources */,
				F928755029BA75CD00C2F6AE /* YPCollectionViewDelegate.swift in Sources */,
				F928757E29BA83D400C2F6AE /* UIApplication+Extension.swift in Sources */,
				F9D8B29329BBF6880045C77F /* YPTagFlowLayoutVertical.swift in Sources */,
				F928750229BA720300C2F6AE /* YPHomeProtocols.swift in Sources */,
				F928756A29BA788E00C2F6AE /* UIView+Extension.swift in Sources */,
				F928758829BA8BE900C2F6AE /* UISearchBar+Extension.swift in Sources */,
				F928755F29BA773A00C2F6AE /* UIColorExtension.swift in Sources */,
				F9E41AC029BAA17300E9A3DF /* NSMutableAttributedString+Extension.swift in Sources */,
				F928756829BA784E00C2F6AE /* UIDevice+Extension.swift in Sources */,
				F928755229BA75DB00C2F6AE /* YPCollectionViewDataSource.swift in Sources */,
				F9BAA09F29BA648B00A6A94C /* AppDelegate.swift in Sources */,
				F928755729BA76AC00C2F6AE /* YPFont.swift in Sources */,
				F9BCC41829BD9A0E0056064D /* YPMapPlusAndMinusView.swift in Sources */,
				F928750629BA720300C2F6AE /* YPHomeInteractor.swift in Sources */,
				F9BAA0A129BA648B00A6A94C /* SceneDelegate.swift in Sources */,
				F928750129BA720300C2F6AE /* YPHomePresenter.swift in Sources */,
				F9E41AC229BAA29700E9A3DF /* String+Extension.swift in Sources */,
			);
			runOnlyForDeploymentPostprocessing = 0;
		};
		F9BAA0AD29BA648D00A6A94C /* Sources */ = {
			isa = PBXSourcesBuildPhase;
			buildActionMask = 2147483647;
			files = (
				F9BAA0B629BA648D00A6A94C /* CookingRecipesAppiOSTests.swift in Sources */,
			);
			runOnlyForDeploymentPostprocessing = 0;
		};
		F9BAA0B729BA648D00A6A94C /* Sources */ = {
			isa = PBXSourcesBuildPhase;
			buildActionMask = 2147483647;
			files = (
				F9BAA0C029BA648D00A6A94C /* CookingRecipesAppiOSUITests.swift in Sources */,
				F9BAA0C229BA648D00A6A94C /* CookingRecipesAppiOSUITestsLaunchTests.swift in Sources */,
			);
			runOnlyForDeploymentPostprocessing = 0;
		};
/* End PBXSourcesBuildPhase section */

/* Begin PBXTargetDependency section */
		F9BAA0B329BA648D00A6A94C /* PBXTargetDependency */ = {
			isa = PBXTargetDependency;
			target = F9BAA09A29BA648B00A6A94C /* CookingRecipesAppiOS */;
			targetProxy = F9BAA0B229BA648D00A6A94C /* PBXContainerItemProxy */;
		};
		F9BAA0BD29BA648D00A6A94C /* PBXTargetDependency */ = {
			isa = PBXTargetDependency;
			target = F9BAA09A29BA648B00A6A94C /* CookingRecipesAppiOS */;
			targetProxy = F9BAA0BC29BA648D00A6A94C /* PBXContainerItemProxy */;
		};
/* End PBXTargetDependency section */

/* Begin PBXVariantGroup section */
		F99F6DF029BDC611006487EF /* Localizable.strings */ = {
			isa = PBXVariantGroup;
			children = (
				F99F6DEF29BDC611006487EF /* en */,
				F99F6DF129BDC658006487EF /* es */,
			);
			name = Localizable.strings;
			sourceTree = "<group>";
		};
		F9BAA0A929BA648C00A6A94C /* LaunchScreen.storyboard */ = {
			isa = PBXVariantGroup;
			children = (
				F9BAA0AA29BA648C00A6A94C /* Base */,
			);
			name = LaunchScreen.storyboard;
			sourceTree = "<group>";
		};
/* End PBXVariantGroup section */

/* Begin XCBuildConfiguration section */
		F9BAA0C329BA648D00A6A94C /* Debug */ = {
			isa = XCBuildConfiguration;
			buildSettings = {
				ALWAYS_SEARCH_USER_PATHS = NO;
				CLANG_ANALYZER_LOCALIZABILITY_NONLOCALIZED = YES;
				CLANG_ANALYZER_NONNULL = YES;
				CLANG_ANALYZER_NUMBER_OBJECT_CONVERSION = YES_AGGRESSIVE;
				CLANG_CXX_LANGUAGE_STANDARD = "gnu++20";
				CLANG_ENABLE_MODULES = YES;
				CLANG_ENABLE_OBJC_ARC = YES;
				CLANG_ENABLE_OBJC_WEAK = YES;
				CLANG_WARN_BLOCK_CAPTURE_AUTORELEASING = YES;
				CLANG_WARN_BOOL_CONVERSION = YES;
				CLANG_WARN_COMMA = YES;
				CLANG_WARN_CONSTANT_CONVERSION = YES;
				CLANG_WARN_DEPRECATED_OBJC_IMPLEMENTATIONS = YES;
				CLANG_WARN_DIRECT_OBJC_ISA_USAGE = YES_ERROR;
				CLANG_WARN_DOCUMENTATION_COMMENTS = YES;
				CLANG_WARN_EMPTY_BODY = YES;
				CLANG_WARN_ENUM_CONVERSION = YES;
				CLANG_WARN_INFINITE_RECURSION = YES;
				CLANG_WARN_INT_CONVERSION = YES;
				CLANG_WARN_NON_LITERAL_NULL_CONVERSION = YES;
				CLANG_WARN_OBJC_IMPLICIT_RETAIN_SELF = YES;
				CLANG_WARN_OBJC_LITERAL_CONVERSION = YES;
				CLANG_WARN_OBJC_ROOT_CLASS = YES_ERROR;
				CLANG_WARN_QUOTED_INCLUDE_IN_FRAMEWORK_HEADER = YES;
				CLANG_WARN_RANGE_LOOP_ANALYSIS = YES;
				CLANG_WARN_STRICT_PROTOTYPES = YES;
				CLANG_WARN_SUSPICIOUS_MOVE = YES;
				CLANG_WARN_UNGUARDED_AVAILABILITY = YES_AGGRESSIVE;
				CLANG_WARN_UNREACHABLE_CODE = YES;
				CLANG_WARN__DUPLICATE_METHOD_MATCH = YES;
				COPY_PHASE_STRIP = NO;
				DEBUG_INFORMATION_FORMAT = dwarf;
				ENABLE_STRICT_OBJC_MSGSEND = YES;
				ENABLE_TESTABILITY = YES;
				GCC_C_LANGUAGE_STANDARD = gnu11;
				GCC_DYNAMIC_NO_PIC = NO;
				GCC_NO_COMMON_BLOCKS = YES;
				GCC_OPTIMIZATION_LEVEL = 0;
				GCC_PREPROCESSOR_DEFINITIONS = (
					"DEBUG=1",
					"$(inherited)",
				);
				GCC_WARN_64_TO_32_BIT_CONVERSION = YES;
				GCC_WARN_ABOUT_RETURN_TYPE = YES_ERROR;
				GCC_WARN_UNDECLARED_SELECTOR = YES;
				GCC_WARN_UNINITIALIZED_AUTOS = YES_AGGRESSIVE;
				GCC_WARN_UNUSED_FUNCTION = YES;
				GCC_WARN_UNUSED_VARIABLE = YES;
				IPHONEOS_DEPLOYMENT_TARGET = 14.4;
				MTL_ENABLE_DEBUG_INFO = INCLUDE_SOURCE;
				MTL_FAST_MATH = YES;
				ONLY_ACTIVE_ARCH = YES;
				SDKROOT = iphoneos;
				SWIFT_ACTIVE_COMPILATION_CONDITIONS = DEBUG;
				SWIFT_OPTIMIZATION_LEVEL = "-Onone";
			};
			name = Debug;
		};
		F9BAA0C429BA648D00A6A94C /* Release */ = {
			isa = XCBuildConfiguration;
			buildSettings = {
				ALWAYS_SEARCH_USER_PATHS = NO;
				CLANG_ANALYZER_LOCALIZABILITY_NONLOCALIZED = YES;
				CLANG_ANALYZER_NONNULL = YES;
				CLANG_ANALYZER_NUMBER_OBJECT_CONVERSION = YES_AGGRESSIVE;
				CLANG_CXX_LANGUAGE_STANDARD = "gnu++20";
				CLANG_ENABLE_MODULES = YES;
				CLANG_ENABLE_OBJC_ARC = YES;
				CLANG_ENABLE_OBJC_WEAK = YES;
				CLANG_WARN_BLOCK_CAPTURE_AUTORELEASING = YES;
				CLANG_WARN_BOOL_CONVERSION = YES;
				CLANG_WARN_COMMA = YES;
				CLANG_WARN_CONSTANT_CONVERSION = YES;
				CLANG_WARN_DEPRECATED_OBJC_IMPLEMENTATIONS = YES;
				CLANG_WARN_DIRECT_OBJC_ISA_USAGE = YES_ERROR;
				CLANG_WARN_DOCUMENTATION_COMMENTS = YES;
				CLANG_WARN_EMPTY_BODY = YES;
				CLANG_WARN_ENUM_CONVERSION = YES;
				CLANG_WARN_INFINITE_RECURSION = YES;
				CLANG_WARN_INT_CONVERSION = YES;
				CLANG_WARN_NON_LITERAL_NULL_CONVERSION = YES;
				CLANG_WARN_OBJC_IMPLICIT_RETAIN_SELF = YES;
				CLANG_WARN_OBJC_LITERAL_CONVERSION = YES;
				CLANG_WARN_OBJC_ROOT_CLASS = YES_ERROR;
				CLANG_WARN_QUOTED_INCLUDE_IN_FRAMEWORK_HEADER = YES;
				CLANG_WARN_RANGE_LOOP_ANALYSIS = YES;
				CLANG_WARN_STRICT_PROTOTYPES = YES;
				CLANG_WARN_SUSPICIOUS_MOVE = YES;
				CLANG_WARN_UNGUARDED_AVAILABILITY = YES_AGGRESSIVE;
				CLANG_WARN_UNREACHABLE_CODE = YES;
				CLANG_WARN__DUPLICATE_METHOD_MATCH = YES;
				COPY_PHASE_STRIP = NO;
				DEBUG_INFORMATION_FORMAT = "dwarf-with-dsym";
				ENABLE_NS_ASSERTIONS = NO;
				ENABLE_STRICT_OBJC_MSGSEND = YES;
				GCC_C_LANGUAGE_STANDARD = gnu11;
				GCC_NO_COMMON_BLOCKS = YES;
				GCC_WARN_64_TO_32_BIT_CONVERSION = YES;
				GCC_WARN_ABOUT_RETURN_TYPE = YES_ERROR;
				GCC_WARN_UNDECLARED_SELECTOR = YES;
				GCC_WARN_UNINITIALIZED_AUTOS = YES_AGGRESSIVE;
				GCC_WARN_UNUSED_FUNCTION = YES;
				GCC_WARN_UNUSED_VARIABLE = YES;
				IPHONEOS_DEPLOYMENT_TARGET = 14.4;
				MTL_ENABLE_DEBUG_INFO = NO;
				MTL_FAST_MATH = YES;
				SDKROOT = iphoneos;
				SWIFT_COMPILATION_MODE = wholemodule;
				SWIFT_OPTIMIZATION_LEVEL = "-O";
				VALIDATE_PRODUCT = YES;
			};
			name = Release;
		};
		F9BAA0C629BA648D00A6A94C /* Debug */ = {
			isa = XCBuildConfiguration;
			buildSettings = {
				ASSETCATALOG_COMPILER_APPICON_NAME = AppIcon;
				ASSETCATALOG_COMPILER_GLOBAL_ACCENT_COLOR_NAME = AccentColor;
				CODE_SIGN_STYLE = Automatic;
				CURRENT_PROJECT_VERSION = 1;
				DEVELOPMENT_TEAM = S3ZJKHQJTJ;
				GENERATE_INFOPLIST_FILE = YES;
				INFOPLIST_FILE = CookingRecipesAppiOS/Resources/Info.plist;
				INFOPLIST_KEY_UIApplicationSupportsIndirectInputEvents = YES;
				INFOPLIST_KEY_UILaunchStoryboardName = LaunchScreen;
				INFOPLIST_KEY_UISupportedInterfaceOrientations_iPad = "UIInterfaceOrientationPortrait UIInterfaceOrientationPortraitUpsideDown UIInterfaceOrientationLandscapeLeft UIInterfaceOrientationLandscapeRight";
				INFOPLIST_KEY_UISupportedInterfaceOrientations_iPhone = "UIInterfaceOrientationPortrait UIInterfaceOrientationLandscapeLeft UIInterfaceOrientationLandscapeRight";
				LD_RUNPATH_SEARCH_PATHS = (
					"$(inherited)",
					"@executable_path/Frameworks",
				);
				MARKETING_VERSION = 1.0;
				PRODUCT_BUNDLE_IDENTIFIER = "cas.company.com.cookingRecipesApp-iOS";
				PRODUCT_NAME = "$(TARGET_NAME)";
				SWIFT_EMIT_LOC_STRINGS = YES;
				SWIFT_VERSION = 5.0;
				TARGETED_DEVICE_FAMILY = "1,2";
			};
			name = Debug;
		};
		F9BAA0C729BA648D00A6A94C /* Release */ = {
			isa = XCBuildConfiguration;
			buildSettings = {
				ASSETCATALOG_COMPILER_APPICON_NAME = AppIcon;
				ASSETCATALOG_COMPILER_GLOBAL_ACCENT_COLOR_NAME = AccentColor;
				CODE_SIGN_STYLE = Automatic;
				CURRENT_PROJECT_VERSION = 1;
				DEVELOPMENT_TEAM = S3ZJKHQJTJ;
				GENERATE_INFOPLIST_FILE = YES;
				INFOPLIST_FILE = CookingRecipesAppiOS/Resources/Info.plist;
				INFOPLIST_KEY_UIApplicationSupportsIndirectInputEvents = YES;
				INFOPLIST_KEY_UILaunchStoryboardName = LaunchScreen;
				INFOPLIST_KEY_UISupportedInterfaceOrientations_iPad = "UIInterfaceOrientationPortrait UIInterfaceOrientationPortraitUpsideDown UIInterfaceOrientationLandscapeLeft UIInterfaceOrientationLandscapeRight";
				INFOPLIST_KEY_UISupportedInterfaceOrientations_iPhone = "UIInterfaceOrientationPortrait UIInterfaceOrientationLandscapeLeft UIInterfaceOrientationLandscapeRight";
				LD_RUNPATH_SEARCH_PATHS = (
					"$(inherited)",
					"@executable_path/Frameworks",
				);
				MARKETING_VERSION = 1.0;
				PRODUCT_BUNDLE_IDENTIFIER = "cas.company.com.cookingRecipesApp-iOS";
				PRODUCT_NAME = "$(TARGET_NAME)";
				SWIFT_EMIT_LOC_STRINGS = YES;
				SWIFT_VERSION = 5.0;
				TARGETED_DEVICE_FAMILY = "1,2";
			};
			name = Release;
		};
		F9BAA0C929BA648D00A6A94C /* Debug */ = {
			isa = XCBuildConfiguration;
			buildSettings = {
				ALWAYS_EMBED_SWIFT_STANDARD_LIBRARIES = YES;
				BUNDLE_LOADER = "$(TEST_HOST)";
				CODE_SIGN_STYLE = Automatic;
				CURRENT_PROJECT_VERSION = 1;
				DEVELOPMENT_TEAM = S3ZJKHQJTJ;
				GENERATE_INFOPLIST_FILE = YES;
				IPHONEOS_DEPLOYMENT_TARGET = 16.2;
				MARKETING_VERSION = 1.0;
				PRODUCT_BUNDLE_IDENTIFIER = "cas.company.com.cookingRecipesApp-iOSTests";
				PRODUCT_NAME = "$(TARGET_NAME)";
				SWIFT_EMIT_LOC_STRINGS = NO;
				SWIFT_VERSION = 5.0;
				TARGETED_DEVICE_FAMILY = "1,2";
				TEST_HOST = "$(BUILT_PRODUCTS_DIR)/CookingRecipesAppiOS.app/$(BUNDLE_EXECUTABLE_FOLDER_PATH)/CookingRecipesAppiOS";
			};
			name = Debug;
		};
		F9BAA0CA29BA648D00A6A94C /* Release */ = {
			isa = XCBuildConfiguration;
			buildSettings = {
				ALWAYS_EMBED_SWIFT_STANDARD_LIBRARIES = YES;
				BUNDLE_LOADER = "$(TEST_HOST)";
				CODE_SIGN_STYLE = Automatic;
				CURRENT_PROJECT_VERSION = 1;
				DEVELOPMENT_TEAM = S3ZJKHQJTJ;
				GENERATE_INFOPLIST_FILE = YES;
				IPHONEOS_DEPLOYMENT_TARGET = 16.2;
				MARKETING_VERSION = 1.0;
				PRODUCT_BUNDLE_IDENTIFIER = "cas.company.com.cookingRecipesApp-iOSTests";
				PRODUCT_NAME = "$(TARGET_NAME)";
				SWIFT_EMIT_LOC_STRINGS = NO;
				SWIFT_VERSION = 5.0;
				TARGETED_DEVICE_FAMILY = "1,2";
				TEST_HOST = "$(BUILT_PRODUCTS_DIR)/CookingRecipesAppiOS.app/$(BUNDLE_EXECUTABLE_FOLDER_PATH)/CookingRecipesAppiOS";
			};
			name = Release;
		};
		F9BAA0CC29BA648D00A6A94C /* Debug */ = {
			isa = XCBuildConfiguration;
			buildSettings = {
				ALWAYS_EMBED_SWIFT_STANDARD_LIBRARIES = YES;
				CODE_SIGN_STYLE = Automatic;
				CURRENT_PROJECT_VERSION = 1;
				DEVELOPMENT_TEAM = S3ZJKHQJTJ;
				GENERATE_INFOPLIST_FILE = YES;
				MARKETING_VERSION = 1.0;
				PRODUCT_BUNDLE_IDENTIFIER = "cas.company.com.cookingRecipesApp-iOSUITests";
				PRODUCT_NAME = "$(TARGET_NAME)";
				SWIFT_EMIT_LOC_STRINGS = NO;
				SWIFT_VERSION = 5.0;
				TARGETED_DEVICE_FAMILY = "1,2";
				TEST_TARGET_NAME = CookingRecipesAppiOS;
			};
			name = Debug;
		};
		F9BAA0CD29BA648D00A6A94C /* Release */ = {
			isa = XCBuildConfiguration;
			buildSettings = {
				ALWAYS_EMBED_SWIFT_STANDARD_LIBRARIES = YES;
				CODE_SIGN_STYLE = Automatic;
				CURRENT_PROJECT_VERSION = 1;
				DEVELOPMENT_TEAM = S3ZJKHQJTJ;
				GENERATE_INFOPLIST_FILE = YES;
				MARKETING_VERSION = 1.0;
				PRODUCT_BUNDLE_IDENTIFIER = "cas.company.com.cookingRecipesApp-iOSUITests";
				PRODUCT_NAME = "$(TARGET_NAME)";
				SWIFT_EMIT_LOC_STRINGS = NO;
				SWIFT_VERSION = 5.0;
				TARGETED_DEVICE_FAMILY = "1,2";
				TEST_TARGET_NAME = CookingRecipesAppiOS;
			};
			name = Release;
		};
/* End XCBuildConfiguration section */

/* Begin XCConfigurationList section */
		F9BAA09629BA648B00A6A94C /* Build configuration list for PBXProject "CookingRecipesAppiOS" */ = {
			isa = XCConfigurationList;
			buildConfigurations = (
				F9BAA0C329BA648D00A6A94C /* Debug */,
				F9BAA0C429BA648D00A6A94C /* Release */,
			);
			defaultConfigurationIsVisible = 0;
			defaultConfigurationName = Release;
		};
		F9BAA0C529BA648D00A6A94C /* Build configuration list for PBXNativeTarget "CookingRecipesAppiOS" */ = {
			isa = XCConfigurationList;
			buildConfigurations = (
				F9BAA0C629BA648D00A6A94C /* Debug */,
				F9BAA0C729BA648D00A6A94C /* Release */,
			);
			defaultConfigurationIsVisible = 0;
			defaultConfigurationName = Release;
		};
		F9BAA0C829BA648D00A6A94C /* Build configuration list for PBXNativeTarget "CookingRecipesAppiOSTests" */ = {
			isa = XCConfigurationList;
			buildConfigurations = (
				F9BAA0C929BA648D00A6A94C /* Debug */,
				F9BAA0CA29BA648D00A6A94C /* Release */,
			);
			defaultConfigurationIsVisible = 0;
			defaultConfigurationName = Release;
		};
		F9BAA0CB29BA648D00A6A94C /* Build configuration list for PBXNativeTarget "CookingRecipesAppiOSUITests" */ = {
			isa = XCConfigurationList;
			buildConfigurations = (
				F9BAA0CC29BA648D00A6A94C /* Debug */,
				F9BAA0CD29BA648D00A6A94C /* Release */,
			);
			defaultConfigurationIsVisible = 0;
			defaultConfigurationName = Release;
		};
/* End XCConfigurationList section */
	};
	rootObject = F9BAA09329BA648B00A6A94C /* Project object */;
}
