// !$*UTF8*$!
{
	archiveVersion = 1;
	classes = {
	};
	objectVersion = 56;
	objects = {

/* Begin PBXBuildFile section */
		F9BAA09F29BA648B00A6A94C /* AppDelegate.swift in Sources */ = {isa = PBXBuildFile; fileRef = F9BAA09E29BA648B00A6A94C /* AppDelegate.swift */; };
		F9BAA0A129BA648B00A6A94C /* SceneDelegate.swift in Sources */ = {isa = PBXBuildFile; fileRef = F9BAA0A029BA648B00A6A94C /* SceneDelegate.swift */; };
		F9BAA0A329BA648B00A6A94C /* ViewController.swift in Sources */ = {isa = PBXBuildFile; fileRef = F9BAA0A229BA648B00A6A94C /* ViewController.swift */; };
		F9BAA0A629BA648B00A6A94C /* Main.storyboard in Resources */ = {isa = PBXBuildFile; fileRef = F9BAA0A429BA648B00A6A94C /* Main.storyboard */; };
		F9BAA0A829BA648C00A6A94C /* Assets.xcassets in Resources */ = {isa = PBXBuildFile; fileRef = F9BAA0A729BA648C00A6A94C /* Assets.xcassets */; };
		F9BAA0AB29BA648C00A6A94C /* LaunchScreen.storyboard in Resources */ = {isa = PBXBuildFile; fileRef = F9BAA0A929BA648C00A6A94C /* LaunchScreen.storyboard */; };
		F9BAA0B629BA648D00A6A94C /* CookingRecipesAppiOSTests.swift in Sources */ = {isa = PBXBuildFile; fileRef = F9BAA0B529BA648D00A6A94C /* CookingRecipesAppiOSTests.swift */; };
		F9BAA0C029BA648D00A6A94C /* CookingRecipesAppiOSUITests.swift in Sources */ = {isa = PBXBuildFile; fileRef = F9BAA0BF29BA648D00A6A94C /* CookingRecipesAppiOSUITests.swift */; };
		F9BAA0C229BA648D00A6A94C /* CookingRecipesAppiOSUITestsLaunchTests.swift in Sources */ = {isa = PBXBuildFile; fileRef = F9BAA0C129BA648D00A6A94C /* CookingRecipesAppiOSUITestsLaunchTests.swift */; };
/* End PBXBuildFile section */

/* Begin PBXContainerItemProxy section */
		F9BAA0B229BA648D00A6A94C /* PBXContainerItemProxy */ = {
			isa = PBXContainerItemProxy;
			containerPortal = F9BAA09329BA648B00A6A94C /* Project object */;
			proxyType = 1;
			remoteGlobalIDString = F9BAA09A29BA648B00A6A94C;
			remoteInfo = CookingRecipesAppiOS;
		};
		F9BAA0BC29BA648D00A6A94C /* PBXContainerItemProxy */ = {
			isa = PBXContainerItemProxy;
			containerPortal = F9BAA09329BA648B00A6A94C /* Project object */;
			proxyType = 1;
			remoteGlobalIDString = F9BAA09A29BA648B00A6A94C;
			remoteInfo = CookingRecipesAppiOS;
		};
/* End PBXContainerItemProxy section */

/* Begin PBXFileReference section */
		F9BAA09B29BA648B00A6A94C /* CookingRecipesAppiOS.app */ = {isa = PBXFileReference; explicitFileType = wrapper.application; includeInIndex = 0; path = CookingRecipesAppiOS.app; sourceTree = BUILT_PRODUCTS_DIR; };
		F9BAA09E29BA648B00A6A94C /* AppDelegate.swift */ = {isa = PBXFileReference; lastKnownFileType = sourcecode.swift; path = AppDelegate.swift; sourceTree = "<group>"; };
		F9BAA0A029BA648B00A6A94C /* SceneDelegate.swift */ = {isa = PBXFileReference; lastKnownFileType = sourcecode.swift; path = SceneDelegate.swift; sourceTree = "<group>"; };
		F9BAA0A229BA648B00A6A94C /* ViewController.swift */ = {isa = PBXFileReference; lastKnownFileType = sourcecode.swift; path = ViewController.swift; sourceTree = "<group>"; };
		F9BAA0A529BA648B00A6A94C /* Base */ = {isa = PBXFileReference; lastKnownFileType = file.storyboard; name = Base; path = Base.lproj/Main.storyboard; sourceTree = "<group>"; };
		F9BAA0A729BA648C00A6A94C /* Assets.xcassets */ = {isa = PBXFileReference; lastKnownFileType = folder.assetcatalog; path = Assets.xcassets; sourceTree = "<group>"; };
		F9BAA0AA29BA648C00A6A94C /* Base */ = {isa = PBXFileReference; lastKnownFileType = file.storyboard; name = Base; path = Base.lproj/LaunchScreen.storyboard; sourceTree = "<group>"; };
		F9BAA0AC29BA648C00A6A94C /* Info.plist */ = {isa = PBXFileReference; lastKnownFileType = text.plist.xml; path = Info.plist; sourceTree = "<group>"; };
		F9BAA0B129BA648D00A6A94C /* CookingRecipesAppiOSTests.xctest */ = {isa = PBXFileReference; explicitFileType = wrapper.cfbundle; includeInIndex = 0; path = CookingRecipesAppiOSTests.xctest; sourceTree = BUILT_PRODUCTS_DIR; };
		F9BAA0B529BA648D00A6A94C /* CookingRecipesAppiOSTests.swift */ = {isa = PBXFileReference; lastKnownFileType = sourcecode.swift; path = CookingRecipesAppiOSTests.swift; sourceTree = "<group>"; };
		F9BAA0BB29BA648D00A6A94C /* CookingRecipesAppiOSUITests.xctest */ = {isa = PBXFileReference; explicitFileType = wrapper.cfbundle; includeInIndex = 0; path = CookingRecipesAppiOSUITests.xctest; sourceTree = BUILT_PRODUCTS_DIR; };
		F9BAA0BF29BA648D00A6A94C /* CookingRecipesAppiOSUITests.swift */ = {isa = PBXFileReference; lastKnownFileType = sourcecode.swift; path = CookingRecipesAppiOSUITests.swift; sourceTree = "<group>"; };
		F9BAA0C129BA648D00A6A94C /* CookingRecipesAppiOSUITestsLaunchTests.swift */ = {isa = PBXFileReference; lastKnownFileType = sourcecode.swift; path = CookingRecipesAppiOSUITestsLaunchTests.swift; sourceTree = "<group>"; };
/* End PBXFileReference section */

/* Begin PBXFrameworksBuildPhase section */
		F9BAA09829BA648B00A6A94C /* Frameworks */ = {
			isa = PBXFrameworksBuildPhase;
			buildActionMask = 2147483647;
			files = (
			);
			runOnlyForDeploymentPostprocessing = 0;
		};
		F9BAA0AE29BA648D00A6A94C /* Frameworks */ = {
			isa = PBXFrameworksBuildPhase;
			buildActionMask = 2147483647;
			files = (
			);
			runOnlyForDeploymentPostprocessing = 0;
		};
		F9BAA0B829BA648D00A6A94C /* Frameworks */ = {
			isa = PBXFrameworksBuildPhase;
			buildActionMask = 2147483647;
			files = (
			);
			runOnlyForDeploymentPostprocessing = 0;
		};
/* End PBXFrameworksBuildPhase section */

/* Begin PBXGroup section */
		F9BAA09229BA648B00A6A94C = {
			isa = PBXGroup;
			children = (
				F9BAA09D29BA648B00A6A94C /* CookingRecipesAppiOS */,
				F9BAA0B429BA648D00A6A94C /* CookingRecipesAppiOSTests */,
				F9BAA0BE29BA648D00A6A94C /* CookingRecipesAppiOSUITests */,
				F9BAA09C29BA648B00A6A94C /* Products */,
			);
			sourceTree = "<group>";
		};
		F9BAA09C29BA648B00A6A94C /* Products */ = {
			isa = PBXGroup;
			children = (
				F9BAA09B29BA648B00A6A94C /* CookingRecipesAppiOS.app */,
				F9BAA0B129BA648D00A6A94C /* CookingRecipesAppiOSTests.xctest */,
				F9BAA0BB29BA648D00A6A94C /* CookingRecipesAppiOSUITests.xctest */,
			);
			name = Products;
			sourceTree = "<group>";
		};
		F9BAA09D29BA648B00A6A94C /* CookingRecipesAppiOS */ = {
			isa = PBXGroup;
			children = (
				F9BAA09E29BA648B00A6A94C /* AppDelegate.swift */,
				F9BAA0A029BA648B00A6A94C /* SceneDelegate.swift */,
				F9BAA0A229BA648B00A6A94C /* ViewController.swift */,
				F9BAA0A429BA648B00A6A94C /* Main.storyboard */,
				F9BAA0A729BA648C00A6A94C /* Assets.xcassets */,
				F9BAA0A929BA648C00A6A94C /* LaunchScreen.storyboard */,
				F9BAA0AC29BA648C00A6A94C /* Info.plist */,
			);
			path = CookingRecipesAppiOS;
			sourceTree = "<group>";
		};
		F9BAA0B429BA648D00A6A94C /* CookingRecipesAppiOSTests */ = {
			isa = PBXGroup;
			children = (
				F9BAA0B529BA648D00A6A94C /* CookingRecipesAppiOSTests.swift */,
			);
			path = CookingRecipesAppiOSTests;
			sourceTree = "<group>";
		};
		F9BAA0BE29BA648D00A6A94C /* CookingRecipesAppiOSUITests */ = {
			isa = PBXGroup;
			children = (
				F9BAA0BF29BA648D00A6A94C /* CookingRecipesAppiOSUITests.swift */,
				F9BAA0C129BA648D00A6A94C /* CookingRecipesAppiOSUITestsLaunchTests.swift */,
			);
			path = CookingRecipesAppiOSUITests;
			sourceTree = "<group>";
		};
/* End PBXGroup section */

/* Begin PBXNativeTarget section */
		F9BAA09A29BA648B00A6A94C /* CookingRecipesAppiOS */ = {
			isa = PBXNativeTarget;
			buildConfigurationList = F9BAA0C529BA648D00A6A94C /* Build configuration list for PBXNativeTarget "CookingRecipesAppiOS" */;
			buildPhases = (
				F9BAA09729BA648B00A6A94C /* Sources */,
				F9BAA09829BA648B00A6A94C /* Frameworks */,
				F9BAA09929BA648B00A6A94C /* Resources */,
				F9BAA0CF29BA654100A6A94C /* Run Script SwiftLint */,
			);
			buildRules = (
			);
			dependencies = (
			);
			name = CookingRecipesAppiOS;
			productName = CookingRecipesAppiOS;
			productReference = F9BAA09B29BA648B00A6A94C /* CookingRecipesAppiOS.app */;
			productType = "com.apple.product-type.application";
		};
		F9BAA0B029BA648D00A6A94C /* CookingRecipesAppiOSTests */ = {
			isa = PBXNativeTarget;
			buildConfigurationList = F9BAA0C829BA648D00A6A94C /* Build configuration list for PBXNativeTarget "CookingRecipesAppiOSTests" */;
			buildPhases = (
				F9BAA0AD29BA648D00A6A94C /* Sources */,
				F9BAA0AE29BA648D00A6A94C /* Frameworks */,
				F9BAA0AF29BA648D00A6A94C /* Resources */,
			);
			buildRules = (
			);
			dependencies = (
				F9BAA0B329BA648D00A6A94C /* PBXTargetDependency */,
			);
			name = CookingRecipesAppiOSTests;
			productName = CookingRecipesAppiOSTests;
			productReference = F9BAA0B129BA648D00A6A94C /* CookingRecipesAppiOSTests.xctest */;
			productType = "com.apple.product-type.bundle.unit-test";
		};
		F9BAA0BA29BA648D00A6A94C /* CookingRecipesAppiOSUITests */ = {
			isa = PBXNativeTarget;
			buildConfigurationList = F9BAA0CB29BA648D00A6A94C /* Build configuration list for PBXNativeTarget "CookingRecipesAppiOSUITests" */;
			buildPhases = (
				F9BAA0B729BA648D00A6A94C /* Sources */,
				F9BAA0B829BA648D00A6A94C /* Frameworks */,
				F9BAA0B929BA648D00A6A94C /* Resources */,
			);
			buildRules = (
			);
			dependencies = (
				F9BAA0BD29BA648D00A6A94C /* PBXTargetDependency */,
			);
			name = CookingRecipesAppiOSUITests;
			productName = CookingRecipesAppiOSUITests;
			productReference = F9BAA0BB29BA648D00A6A94C /* CookingRecipesAppiOSUITests.xctest */;
			productType = "com.apple.product-type.bundle.ui-testing";
		};
/* End PBXNativeTarget section */

/* Begin PBXProject section */
		F9BAA09329BA648B00A6A94C /* Project object */ = {
			isa = PBXProject;
			attributes = {
				BuildIndependentTargetsInParallel = 1;
				LastSwiftUpdateCheck = 1420;
				LastUpgradeCheck = 1420;
				TargetAttributes = {
					F9BAA09A29BA648B00A6A94C = {
						CreatedOnToolsVersion = 14.2;
					};
					F9BAA0B029BA648D00A6A94C = {
						CreatedOnToolsVersion = 14.2;
						TestTargetID = F9BAA09A29BA648B00A6A94C;
					};
					F9BAA0BA29BA648D00A6A94C = {
						CreatedOnToolsVersion = 14.2;
						TestTargetID = F9BAA09A29BA648B00A6A94C;
					};
				};
			};
			buildConfigurationList = F9BAA09629BA648B00A6A94C /* Build configuration list for PBXProject "CookingRecipesAppiOS" */;
			compatibilityVersion = "Xcode 14.0";
			developmentRegion = en;
			hasScannedForEncodings = 0;
			knownRegions = (
				en,
				Base,
			);
			mainGroup = F9BAA09229BA648B00A6A94C;
			productRefGroup = F9BAA09C29BA648B00A6A94C /* Products */;
			projectDirPath = "";
			projectRoot = "";
			targets = (
				F9BAA09A29BA648B00A6A94C /* CookingRecipesAppiOS */,
				F9BAA0B029BA648D00A6A94C /* CookingRecipesAppiOSTests */,
				F9BAA0BA29BA648D00A6A94C /* CookingRecipesAppiOSUITests */,
			);
		};
/* End PBXProject section */

/* Begin PBXResourcesBuildPhase section */
		F9BAA09929BA648B00A6A94C /* Resources */ = {
			isa = PBXResourcesBuildPhase;
			buildActionMask = 2147483647;
			files = (
				F9BAA0AB29BA648C00A6A94C /* LaunchScreen.storyboard in Resources */,
				F9BAA0A829BA648C00A6A94C /* Assets.xcassets in Resources */,
				F9BAA0A629BA648B00A6A94C /* Main.storyboard in Resources */,
			);
			runOnlyForDeploymentPostprocessing = 0;
		};
		F9BAA0AF29BA648D00A6A94C /* Resources */ = {
			isa = PBXResourcesBuildPhase;
			buildActionMask = 2147483647;
			files = (
			);
			runOnlyForDeploymentPostprocessing = 0;
		};
		F9BAA0B929BA648D00A6A94C /* Resources */ = {
			isa = PBXResourcesBuildPhase;
			buildActionMask = 2147483647;
			files = (
			);
			runOnlyForDeploymentPostprocessing = 0;
		};
/* End PBXResourcesBuildPhase section */

/* Begin PBXShellScriptBuildPhase section */
		F9BAA0CF29BA654100A6A94C /* Run Script SwiftLint */ = {
			isa = PBXShellScriptBuildPhase;
			buildActionMask = 2147483647;
			files = (
			);
			inputFileListPaths = (
			);
			inputPaths = (
			);
			name = "Run Script SwiftLint";
			outputFileListPaths = (
			);
			outputPaths = (
			);
			runOnlyForDeploymentPostprocessing = 0;
			shellPath = /bin/sh;
			shellScript = "# Type a script or drag a script file from your workspace to insert its path.\nexport PATH=\"$PATH:/opt/homebrew/bin\"\nif which swiftlint > /dev/null; then\n  swiftlint\nelse\n  echo \"warning: SwiftLint not installed, download from https://github.com/realm/SwiftLint\"\nfi\n";
		};
/* End PBXShellScriptBuildPhase section */

/* Begin PBXSourcesBuildPhase section */
		F9BAA09729BA648B00A6A94C /* Sources */ = {
			isa = PBXSourcesBuildPhase;
			buildActionMask = 2147483647;
			files = (
				F9BAA0A329BA648B00A6A94C /* ViewController.swift in Sources */,
				F9BAA09F29BA648B00A6A94C /* AppDelegate.swift in Sources */,
				F9BAA0A129BA648B00A6A94C /* SceneDelegate.swift in Sources */,
			);
			runOnlyForDeploymentPostprocessing = 0;
		};
		F9BAA0AD29BA648D00A6A94C /* Sources */ = {
			isa = PBXSourcesBuildPhase;
			buildActionMask = 2147483647;
			files = (
				F9BAA0B629BA648D00A6A94C /* CookingRecipesAppiOSTests.swift in Sources */,
			);
			runOnlyForDeploymentPostprocessing = 0;
		};
		F9BAA0B729BA648D00A6A94C /* Sources */ = {
			isa = PBXSourcesBuildPhase;
			buildActionMask = 2147483647;
			files = (
				F9BAA0C029BA648D00A6A94C /* CookingRecipesAppiOSUITests.swift in Sources */,
				F9BAA0C229BA648D00A6A94C /* CookingRecipesAppiOSUITestsLaunchTests.swift in Sources */,
			);
			runOnlyForDeploymentPostprocessing = 0;
		};
/* End PBXSourcesBuildPhase section */

/* Begin PBXTargetDependency section */
		F9BAA0B329BA648D00A6A94C /* PBXTargetDependency */ = {
			isa = PBXTargetDependency;
			target = F9BAA09A29BA648B00A6A94C /* CookingRecipesAppiOS */;
			targetProxy = F9BAA0B229BA648D00A6A94C /* PBXContainerItemProxy */;
		};
		F9BAA0BD29BA648D00A6A94C /* PBXTargetDependency */ = {
			isa = PBXTargetDependency;
			target = F9BAA09A29BA648B00A6A94C /* CookingRecipesAppiOS */;
			targetProxy = F9BAA0BC29BA648D00A6A94C /* PBXContainerItemProxy */;
		};
/* End PBXTargetDependency section */

/* Begin PBXVariantGroup section */
		F9BAA0A429BA648B00A6A94C /* Main.storyboard */ = {
			isa = PBXVariantGroup;
			children = (
				F9BAA0A529BA648B00A6A94C /* Base */,
			);
			name = Main.storyboard;
			sourceTree = "<group>";
		};
		F9BAA0A929BA648C00A6A94C /* LaunchScreen.storyboard */ = {
			isa = PBXVariantGroup;
			children = (
				F9BAA0AA29BA648C00A6A94C /* Base */,
			);
			name = LaunchScreen.storyboard;
			sourceTree = "<group>";
		};
/* End PBXVariantGroup section */

/* Begin XCBuildConfiguration section */
		F9BAA0C329BA648D00A6A94C /* Debug */ = {
			isa = XCBuildConfiguration;
			buildSettings = {
				ALWAYS_SEARCH_USER_PATHS = NO;
				CLANG_ANALYZER_NONNULL = YES;
				CLANG_ANALYZER_NUMBER_OBJECT_CONVERSION = YES_AGGRESSIVE;
				CLANG_CXX_LANGUAGE_STANDARD = "gnu++20";
				CLANG_ENABLE_MODULES = YES;
				CLANG_ENABLE_OBJC_ARC = YES;
				CLANG_ENABLE_OBJC_WEAK = YES;
				CLANG_WARN_BLOCK_CAPTURE_AUTORELEASING = YES;
				CLANG_WARN_BOOL_CONVERSION = YES;
				CLANG_WARN_COMMA = YES;
				CLANG_WARN_CONSTANT_CONVERSION = YES;
				CLANG_WARN_DEPRECATED_OBJC_IMPLEMENTATIONS = YES;
				CLANG_WARN_DIRECT_OBJC_ISA_USAGE = YES_ERROR;
				CLANG_WARN_DOCUMENTATION_COMMENTS = YES;
				CLANG_WARN_EMPTY_BODY = YES;
				CLANG_WARN_ENUM_CONVERSION = YES;
				CLANG_WARN_INFINITE_RECURSION = YES;
				CLANG_WARN_INT_CONVERSION = YES;
				CLANG_WARN_NON_LITERAL_NULL_CONVERSION = YES;
				CLANG_WARN_OBJC_IMPLICIT_RETAIN_SELF = YES;
				CLANG_WARN_OBJC_LITERAL_CONVERSION = YES;
				CLANG_WARN_OBJC_ROOT_CLASS = YES_ERROR;
				CLANG_WARN_QUOTED_INCLUDE_IN_FRAMEWORK_HEADER = YES;
				CLANG_WARN_RANGE_LOOP_ANALYSIS = YES;
				CLANG_WARN_STRICT_PROTOTYPES = YES;
				CLANG_WARN_SUSPICIOUS_MOVE = YES;
				CLANG_WARN_UNGUARDED_AVAILABILITY = YES_AGGRESSIVE;
				CLANG_WARN_UNREACHABLE_CODE = YES;
				CLANG_WARN__DUPLICATE_METHOD_MATCH = YES;
				COPY_PHASE_STRIP = NO;
				DEBUG_INFORMATION_FORMAT = dwarf;
				ENABLE_STRICT_OBJC_MSGSEND = YES;
				ENABLE_TESTABILITY = YES;
				GCC_C_LANGUAGE_STANDARD = gnu11;
				GCC_DYNAMIC_NO_PIC = NO;
				GCC_NO_COMMON_BLOCKS = YES;
				GCC_OPTIMIZATION_LEVEL = 0;
				GCC_PREPROCESSOR_DEFINITIONS = (
					"DEBUG=1",
					"$(inherited)",
				);
				GCC_WARN_64_TO_32_BIT_CONVERSION = YES;
				GCC_WARN_ABOUT_RETURN_TYPE = YES_ERROR;
				GCC_WARN_UNDECLARED_SELECTOR = YES;
				GCC_WARN_UNINITIALIZED_AUTOS = YES_AGGRESSIVE;
				GCC_WARN_UNUSED_FUNCTION = YES;
				GCC_WARN_UNUSED_VARIABLE = YES;
				IPHONEOS_DEPLOYMENT_TARGET = 16.2;
				MTL_ENABLE_DEBUG_INFO = INCLUDE_SOURCE;
				MTL_FAST_MATH = YES;
				ONLY_ACTIVE_ARCH = YES;
				SDKROOT = iphoneos;
				SWIFT_ACTIVE_COMPILATION_CONDITIONS = DEBUG;
				SWIFT_OPTIMIZATION_LEVEL = "-Onone";
			};
			name = Debug;
		};
		F9BAA0C429BA648D00A6A94C /* Release */ = {
			isa = XCBuildConfiguration;
			buildSettings = {
				ALWAYS_SEARCH_USER_PATHS = NO;
				CLANG_ANALYZER_NONNULL = YES;
				CLANG_ANALYZER_NUMBER_OBJECT_CONVERSION = YES_AGGRESSIVE;
				CLANG_CXX_LANGUAGE_STANDARD = "gnu++20";
				CLANG_ENABLE_MODULES = YES;
				CLANG_ENABLE_OBJC_ARC = YES;
				CLANG_ENABLE_OBJC_WEAK = YES;
				CLANG_WARN_BLOCK_CAPTURE_AUTORELEASING = YES;
				CLANG_WARN_BOOL_CONVERSION = YES;
				CLANG_WARN_COMMA = YES;
				CLANG_WARN_CONSTANT_CONVERSION = YES;
				CLANG_WARN_DEPRECATED_OBJC_IMPLEMENTATIONS = YES;
				CLANG_WARN_DIRECT_OBJC_ISA_USAGE = YES_ERROR;
				CLANG_WARN_DOCUMENTATION_COMMENTS = YES;
				CLANG_WARN_EMPTY_BODY = YES;
				CLANG_WARN_ENUM_CONVERSION = YES;
				CLANG_WARN_INFINITE_RECURSION = YES;
				CLANG_WARN_INT_CONVERSION = YES;
				CLANG_WARN_NON_LITERAL_NULL_CONVERSION = YES;
				CLANG_WARN_OBJC_IMPLICIT_RETAIN_SELF = YES;
				CLANG_WARN_OBJC_LITERAL_CONVERSION = YES;
				CLANG_WARN_OBJC_ROOT_CLASS = YES_ERROR;
				CLANG_WARN_QUOTED_INCLUDE_IN_FRAMEWORK_HEADER = YES;
				CLANG_WARN_RANGE_LOOP_ANALYSIS = YES;
				CLANG_WARN_STRICT_PROTOTYPES = YES;
				CLANG_WARN_SUSPICIOUS_MOVE = YES;
				CLANG_WARN_UNGUARDED_AVAILABILITY = YES_AGGRESSIVE;
				CLANG_WARN_UNREACHABLE_CODE = YES;
				CLANG_WARN__DUPLICATE_METHOD_MATCH = YES;
				COPY_PHASE_STRIP = NO;
				DEBUG_INFORMATION_FORMAT = "dwarf-with-dsym";
				ENABLE_NS_ASSERTIONS = NO;
				ENABLE_STRICT_OBJC_MSGSEND = YES;
				GCC_C_LANGUAGE_STANDARD = gnu11;
				GCC_NO_COMMON_BLOCKS = YES;
				GCC_WARN_64_TO_32_BIT_CONVERSION = YES;
				GCC_WARN_ABOUT_RETURN_TYPE = YES_ERROR;
				GCC_WARN_UNDECLARED_SELECTOR = YES;
				GCC_WARN_UNINITIALIZED_AUTOS = YES_AGGRESSIVE;
				GCC_WARN_UNUSED_FUNCTION = YES;
				GCC_WARN_UNUSED_VARIABLE = YES;
				IPHONEOS_DEPLOYMENT_TARGET = 16.2;
				MTL_ENABLE_DEBUG_INFO = NO;
				MTL_FAST_MATH = YES;
				SDKROOT = iphoneos;
				SWIFT_COMPILATION_MODE = wholemodule;
				SWIFT_OPTIMIZATION_LEVEL = "-O";
				VALIDATE_PRODUCT = YES;
			};
			name = Release;
		};
		F9BAA0C629BA648D00A6A94C /* Debug */ = {
			isa = XCBuildConfiguration;
			buildSettings = {
				ASSETCATALOG_COMPILER_APPICON_NAME = AppIcon;
				ASSETCATALOG_COMPILER_GLOBAL_ACCENT_COLOR_NAME = AccentColor;
				CODE_SIGN_STYLE = Automatic;
				CURRENT_PROJECT_VERSION = 1;
				DEVELOPMENT_TEAM = S3ZJKHQJTJ;
				GENERATE_INFOPLIST_FILE = YES;
				INFOPLIST_FILE = CookingRecipesAppiOS/Info.plist;
				INFOPLIST_KEY_UIApplicationSupportsIndirectInputEvents = YES;
				INFOPLIST_KEY_UILaunchStoryboardName = LaunchScreen;
				INFOPLIST_KEY_UIMainStoryboardFile = Main;
				INFOPLIST_KEY_UISupportedInterfaceOrientations_iPad = "UIInterfaceOrientationPortrait UIInterfaceOrientationPortraitUpsideDown UIInterfaceOrientationLandscapeLeft UIInterfaceOrientationLandscapeRight";
				INFOPLIST_KEY_UISupportedInterfaceOrientations_iPhone = "UIInterfaceOrientationPortrait UIInterfaceOrientationLandscapeLeft UIInterfaceOrientationLandscapeRight";
				LD_RUNPATH_SEARCH_PATHS = (
					"$(inherited)",
					"@executable_path/Frameworks",
				);
				MARKETING_VERSION = 1.0;
				PRODUCT_BUNDLE_IDENTIFIER = "cas.company.com.cookingRecipesApp-iOS";
				PRODUCT_NAME = "$(TARGET_NAME)";
				SWIFT_EMIT_LOC_STRINGS = YES;
				SWIFT_VERSION = 5.0;
				TARGETED_DEVICE_FAMILY = "1,2";
			};
			name = Debug;
		};
		F9BAA0C729BA648D00A6A94C /* Release */ = {
			isa = XCBuildConfiguration;
			buildSettings = {
				ASSETCATALOG_COMPILER_APPICON_NAME = AppIcon;
				ASSETCATALOG_COMPILER_GLOBAL_ACCENT_COLOR_NAME = AccentColor;
				CODE_SIGN_STYLE = Automatic;
				CURRENT_PROJECT_VERSION = 1;
				DEVELOPMENT_TEAM = S3ZJKHQJTJ;
				GENERATE_INFOPLIST_FILE = YES;
				INFOPLIST_FILE = CookingRecipesAppiOS/Info.plist;
				INFOPLIST_KEY_UIApplicationSupportsIndirectInputEvents = YES;
				INFOPLIST_KEY_UILaunchStoryboardName = LaunchScreen;
				INFOPLIST_KEY_UIMainStoryboardFile = Main;
				INFOPLIST_KEY_UISupportedInterfaceOrientations_iPad = "UIInterfaceOrientationPortrait UIInterfaceOrientationPortraitUpsideDown UIInterfaceOrientationLandscapeLeft UIInterfaceOrientationLandscapeRight";
				INFOPLIST_KEY_UISupportedInterfaceOrientations_iPhone = "UIInterfaceOrientationPortrait UIInterfaceOrientationLandscapeLeft UIInterfaceOrientationLandscapeRight";
				LD_RUNPATH_SEARCH_PATHS = (
					"$(inherited)",
					"@executable_path/Frameworks",
				);
				MARKETING_VERSION = 1.0;
				PRODUCT_BUNDLE_IDENTIFIER = "cas.company.com.cookingRecipesApp-iOS";
				PRODUCT_NAME = "$(TARGET_NAME)";
				SWIFT_EMIT_LOC_STRINGS = YES;
				SWIFT_VERSION = 5.0;
				TARGETED_DEVICE_FAMILY = "1,2";
			};
			name = Release;
		};
		F9BAA0C929BA648D00A6A94C /* Debug */ = {
			isa = XCBuildConfiguration;
			buildSettings = {
				ALWAYS_EMBED_SWIFT_STANDARD_LIBRARIES = YES;
				BUNDLE_LOADER = "$(TEST_HOST)";
				CODE_SIGN_STYLE = Automatic;
				CURRENT_PROJECT_VERSION = 1;
				DEVELOPMENT_TEAM = S3ZJKHQJTJ;
				GENERATE_INFOPLIST_FILE = YES;
				IPHONEOS_DEPLOYMENT_TARGET = 16.2;
				MARKETING_VERSION = 1.0;
				PRODUCT_BUNDLE_IDENTIFIER = "cas.company.com.cookingRecipesApp-iOSTests";
				PRODUCT_NAME = "$(TARGET_NAME)";
				SWIFT_EMIT_LOC_STRINGS = NO;
				SWIFT_VERSION = 5.0;
				TARGETED_DEVICE_FAMILY = "1,2";
				TEST_HOST = "$(BUILT_PRODUCTS_DIR)/CookingRecipesAppiOS.app/$(BUNDLE_EXECUTABLE_FOLDER_PATH)/CookingRecipesAppiOS";
			};
			name = Debug;
		};
		F9BAA0CA29BA648D00A6A94C /* Release */ = {
			isa = XCBuildConfiguration;
			buildSettings = {
				ALWAYS_EMBED_SWIFT_STANDARD_LIBRARIES = YES;
				BUNDLE_LOADER = "$(TEST_HOST)";
				CODE_SIGN_STYLE = Automatic;
				CURRENT_PROJECT_VERSION = 1;
				DEVELOPMENT_TEAM = S3ZJKHQJTJ;
				GENERATE_INFOPLIST_FILE = YES;
				IPHONEOS_DEPLOYMENT_TARGET = 16.2;
				MARKETING_VERSION = 1.0;
				PRODUCT_BUNDLE_IDENTIFIER = "cas.company.com.cookingRecipesApp-iOSTests";
				PRODUCT_NAME = "$(TARGET_NAME)";
				SWIFT_EMIT_LOC_STRINGS = NO;
				SWIFT_VERSION = 5.0;
				TARGETED_DEVICE_FAMILY = "1,2";
				TEST_HOST = "$(BUILT_PRODUCTS_DIR)/CookingRecipesAppiOS.app/$(BUNDLE_EXECUTABLE_FOLDER_PATH)/CookingRecipesAppiOS";
			};
			name = Release;
		};
		F9BAA0CC29BA648D00A6A94C /* Debug */ = {
			isa = XCBuildConfiguration;
			buildSettings = {
				ALWAYS_EMBED_SWIFT_STANDARD_LIBRARIES = YES;
				CODE_SIGN_STYLE = Automatic;
				CURRENT_PROJECT_VERSION = 1;
				DEVELOPMENT_TEAM = S3ZJKHQJTJ;
				GENERATE_INFOPLIST_FILE = YES;
				MARKETING_VERSION = 1.0;
				PRODUCT_BUNDLE_IDENTIFIER = "cas.company.com.cookingRecipesApp-iOSUITests";
				PRODUCT_NAME = "$(TARGET_NAME)";
				SWIFT_EMIT_LOC_STRINGS = NO;
				SWIFT_VERSION = 5.0;
				TARGETED_DEVICE_FAMILY = "1,2";
				TEST_TARGET_NAME = CookingRecipesAppiOS;
			};
			name = Debug;
		};
		F9BAA0CD29BA648D00A6A94C /* Release */ = {
			isa = XCBuildConfiguration;
			buildSettings = {
				ALWAYS_EMBED_SWIFT_STANDARD_LIBRARIES = YES;
				CODE_SIGN_STYLE = Automatic;
				CURRENT_PROJECT_VERSION = 1;
				DEVELOPMENT_TEAM = S3ZJKHQJTJ;
				GENERATE_INFOPLIST_FILE = YES;
				MARKETING_VERSION = 1.0;
				PRODUCT_BUNDLE_IDENTIFIER = "cas.company.com.cookingRecipesApp-iOSUITests";
				PRODUCT_NAME = "$(TARGET_NAME)";
				SWIFT_EMIT_LOC_STRINGS = NO;
				SWIFT_VERSION = 5.0;
				TARGETED_DEVICE_FAMILY = "1,2";
				TEST_TARGET_NAME = CookingRecipesAppiOS;
			};
			name = Release;
		};
/* End XCBuildConfiguration section */

/* Begin XCConfigurationList section */
		F9BAA09629BA648B00A6A94C /* Build configuration list for PBXProject "CookingRecipesAppiOS" */ = {
			isa = XCConfigurationList;
			buildConfigurations = (
				F9BAA0C329BA648D00A6A94C /* Debug */,
				F9BAA0C429BA648D00A6A94C /* Release */,
			);
			defaultConfigurationIsVisible = 0;
			defaultConfigurationName = Release;
		};
		F9BAA0C529BA648D00A6A94C /* Build configuration list for PBXNativeTarget "CookingRecipesAppiOS" */ = {
			isa = XCConfigurationList;
			buildConfigurations = (
				F9BAA0C629BA648D00A6A94C /* Debug */,
				F9BAA0C729BA648D00A6A94C /* Release */,
			);
			defaultConfigurationIsVisible = 0;
			defaultConfigurationName = Release;
		};
		F9BAA0C829BA648D00A6A94C /* Build configuration list for PBXNativeTarget "CookingRecipesAppiOSTests" */ = {
			isa = XCConfigurationList;
			buildConfigurations = (
				F9BAA0C929BA648D00A6A94C /* Debug */,
				F9BAA0CA29BA648D00A6A94C /* Release */,
			);
			defaultConfigurationIsVisible = 0;
			defaultConfigurationName = Release;
		};
		F9BAA0CB29BA648D00A6A94C /* Build configuration list for PBXNativeTarget "CookingRecipesAppiOSUITests" */ = {
			isa = XCConfigurationList;
			buildConfigurations = (
				F9BAA0CC29BA648D00A6A94C /* Debug */,
				F9BAA0CD29BA648D00A6A94C /* Release */,
			);
			defaultConfigurationIsVisible = 0;
			defaultConfigurationName = Release;
		};
/* End XCConfigurationList section */
	};
	rootObject = F9BAA09329BA648B00A6A94C /* Project object */;
}
